{
  "dependencies": {
    "npm-pkg-1449": {
      "version": "0.0.0"
    },
    "npm-pkg-180": {
      "version": "2.3.10"
    },
    "npm-pkg-1980": {
      "version": "5.8.10"
    },
    "npm-pkg-2272": {
      "version": "5.18.2"
    },
    "npm-pkg-2419": {
      "version": "3.8.0"
    },
    "npm-pkg-2817": {
      "version": "4.8.23"
    },
    "npm-pkg-2865": {
      "version": "0.6.16"
    },
    "npm-pkg-3436": {
      "version": "3.16.27"
    },
    "npm-pkg-3695": {
      "version": "2.19.13"
    },
    "npm-pkg-3709": {
      "version": "5.8.15"
    },
    "npm-pkg-4485": {
      "version": "3.14.23"
    },
    "npm-pkg-4658": {
      "version": "4.3.0"
    },
    "npm-pkg-4743": {
      "version": "4.12.28"
    },
    "npm-pkg-4770": {
      "version": "3.2.28"
    },
    "npm-pkg-5668": {
      "version": "4.16.26"
    },
    "npm-pkg-5755": {
      "version": "0.5.28"
    },
    "npm-pkg-5979": {
      "version": "0.13.28"
    },
    "npm-pkg-612": {
      "version": "1.16.11"
    },
    "npm-pkg-6140": {
      "version": "2.14.20"
    },
    "npm-pkg-6159": {
      "version": "2.6.19"
    },
    "npm-pkg-6279": {
      "version": "2.5.11"
    },
    "npm-pkg-6551": {
      "version": "2.20.20"
    },
    "npm-pkg-7080": {
      "version": "5.12.16"
    },
    "npm-pkg-7862": {
      "version": "0.11.13"
    },
    "npm-pkg-8044": {
      "version": "2.5.10"
    },
    "npm-pkg-8229": {
      "version": "2.6.2"
    },
    "npm-pkg-8484": {
      "version": "5.2.24"
    },
    "npm-pkg-8519": {
      "version": "1.9.30"
    },
    "npm-pkg-8977": {
      "version": "2.4.21"
    },
    "npm-pkg-9061": {
      "version": "0.5.21"
    }
  },
  "lockfileVersion": 3,
  "name": "demo-app",
  "packages": {
    "": {
      "dependencies": {
        "npm-pkg-1449": "0.0.0",
        "npm-pkg-180": "2.3.10",
        "npm-pkg-1980": "5.8.10",
        "npm-pkg-2272": "5.18.2",
        "npm-pkg-2419": "3.8.0",
        "npm-pkg-2817": "4.8.23",
        "npm-pkg-2865": "0.6.16",
        "npm-pkg-3436": "3.16.27",
        "npm-pkg-3695": "2.19.13",
        "npm-pkg-3709": "5.8.15",
        "npm-pkg-4485": "3.14.23",
        "npm-pkg-4658": "4.3.0",
        "npm-pkg-4743": "4.12.28",
        "npm-pkg-4770": "3.2.28",
        "npm-pkg-5668": "4.16.26",
        "npm-pkg-5755": "0.5.28",
        "npm-pkg-5979": "0.13.28",
        "npm-pkg-612": "1.16.11",
        "npm-pkg-6140": "2.14.20",
        "npm-pkg-6159": "2.6.19",
        "npm-pkg-6279": "2.5.11",
        "npm-pkg-6551": "2.20.20",
        "npm-pkg-7080": "5.12.16",
        "npm-pkg-7862": "0.11.13",
        "npm-pkg-8044": "2.5.10",
        "npm-pkg-8229": "2.6.2",
        "npm-pkg-8484": "5.2.24",
        "npm-pkg-8519": "1.9.30",
        "npm-pkg-8977": "2.4.21",
        "npm-pkg-9061": "0.5.21"
      },
      "name": "demo-app",
      "version": "0.1.0"
    },
    "node_modules/debug": {
      "integrity": "sha512-58e59e4fa163fd75fb9e41f881d6bb180969381076362662",
      "resolved": "https://registry.npmjs.org/debug/-/debug-0.19.2.tgz",
      "version": "0.19.2"
    },
    "node_modules/npm-pkg-1024": {
      "integrity": "sha512-12ee14de6ff752d151ea067d64e18fb65775fab7e53f0f28",
      "resolved": "https://registry.npmjs.org/npm-pkg-1024/-/npm-pkg-1024-1.9.28.tgz",
      "version": "1.9.28"
    },
    "node_modules/npm-pkg-1230": {
      "integrity": "sha512-79bf8052724ceb7c1612d16e65627ccdccc33d6824ab5a6d",
      "resolved": "https://registry.npmjs.org/npm-pkg-1230/-/npm-pkg-1230-4.13.26.tgz",
      "version": "4.13.26"
    },
    "node_modules/npm-pkg-1241": {
      "integrity": "sha512-b8248c433c52d1db35481eadb9f6aad2140dd639bfcba44c",
      "resolved": "https://registry.npmjs.org/npm-pkg-1241/-/npm-pkg-1241-2.5.7.tgz",
      "version": "2.5.7"
    },
    "node_modules/npm-pkg-1243": {
      "integrity": "sha512-ad1d66c362eaf4f8522721a86153f661cb572d990d8536e0",
      "resolved": "https://registry.npmjs.org/npm-pkg-1243/-/npm-pkg-1243-4.13.22.tgz",
      "version": "4.13.22"
    },
    "node_modules/npm-pkg-1280": {
      "integrity": "sha512-3f28c1a317238d7b075c989cedf94e8b3cb5967be150cf16",
      "resolved": "https://registry.npmjs.org/npm-pkg-1280/-/npm-pkg-1280-4.5.24.tgz",
      "version": "4.5.24"
    },
    "node_modules/npm-pkg-1381": {
      "integrity": "sha512-2c150ef94be834766193f610a2b66097a17465be32434d17",
      "resolved": "https://registry.npmjs.org/npm-pkg-1381/-/npm-pkg-1381-4.13.22.tgz",
      "version": "4.13.22"
    },
    "node_modules/npm-pkg-1449": {
      "integrity": "sha512-0e8c647450093111f030e2c57b9499d3e4575397601c6b91",
      "resolved": "https://registry.npmjs.org/npm-pkg-1449/-/npm-pkg-1449-0.0.0.tgz",
      "version": "0.0.0"
    },
    "node_modules/npm-pkg-1488": {
      "integrity": "sha512-649e714699e46a463bcf422c8c8316d8a7a0a2a13652b377",
      "resolved": "https://registry.npmjs.org/npm-pkg-1488/-/npm-pkg-1488-2.0.28.tgz",
      "version": "2.0.28"
    },
    "node_modules/npm-pkg-1550": {
      "integrity": "sha512-4a939301d0f024ee7e3e155514bbc655952cf436c3d56982",
      "resolved": "https://registry.npmjs.org/npm-pkg-1550/-/npm-pkg-1550-1.7.0.tgz",
      "version": "1.7.0"
    },
    "node_modules/npm-pkg-1671": {
      "integrity": "sha512-487fd7cf56f41d3c28da57a63fc1de6e21f39a55a778e6b9",
      "resolved": "https://registry.npmjs.org/npm-pkg-1671/-/npm-pkg-1671-2.15.11.tgz",
      "version": "2.15.11"
    },
    "node_modules/npm-pkg-1679": {
      "integrity": "sha512-b3d140820c3e05db69bc94e3d1a3fddfb651711c64f6c78f",
      "resolved": "https://registry.npmjs.org/npm-pkg-1679/-/npm-pkg-1679-2.4.28.tgz",
      "version": "2.4.28"
    },
    "node_modules/npm-pkg-1680": {
      "integrity": "sha512-f406fd93f589b4e35f32103ceb626653332b79dfc0fbf7d7",
      "resolved": "https://registry.npmjs.org/npm-pkg-1680/-/npm-pkg-1680-3.5.12.tgz",
      "version": "3.5.12"
    },
    "node_modules/npm-pkg-1694": {
      "integrity": "sha512-449219ed78f31318d9838c28411b0a327bf10143c8fe6f3c",
      "resolved": "https://registry.npmjs.org/npm-pkg-1694/-/npm-pkg-1694-1.9.3.tgz",
      "version": "1.9.3"
    },
    "node_modules/npm-pkg-1798": {
      "integrity": "sha512-faa3d98f47169f7b1622d30e5faf0ad48ffa0b648e1861cd",
      "resolved": "https://registry.npmjs.org/npm-pkg-1798/-/npm-pkg-1798-4.8.17.tgz",
      "version": "4.8.17"
    },
    "node_modules/npm-pkg-180": {
      "integrity": "sha512-a5a512029de6dd3a42b8119646b2a561451271daf5be4964",
      "resolved": "https://registry.npmjs.org/npm-pkg-180/-/npm-pkg-180-2.3.10.tgz",
      "version": "2.3.10"
    },
    "node_modules/npm-pkg-1821": {
      "integrity": "sha512-70b4fe589af5b1ff7914aa39b7d8f8e37644e899cbd57b3c",
      "resolved": "https://registry.npmjs.org/npm-pkg-1821/-/npm-pkg-1821-3.18.28.tgz",
      "version": "3.18.28"
    },
    "node_modules/npm-pkg-1887": {
      "integrity": "sha512-6bcfe0fb0f1c5bcca47c4edf1ac61209df60a7cdc79f8100",
      "resolved": "https://registry.npmjs.org/npm-pkg-1887/-/npm-pkg-1887-1.6.20.tgz",
      "version": "1.6.20"
    },
    "node_modules/npm-pkg-189": {
      "integrity": "sha512-e98feee0552aaa9dc3ea9b56f6aa8e6214aa8f60fbd82c5d",
      "resolved": "https://registry.npmjs.org/npm-pkg-189/-/npm-pkg-189-5.11.11.tgz",
      "version": "5.11.11"
    },
    "node_modules/npm-pkg-1926": {
      "integrity": "sha512-0f85e0dd1fc264a3722a80a886e5bff17d1a2c2f3cfdebab",
      "resolved": "https://registry.npmjs.org/npm-pkg-1926/-/npm-pkg-1926-2.15.29.tgz",
      "version": "2.15.29"
    },
    "node_modules/npm-pkg-1953": {
      "integrity": "sha512-34a5b3a581f6236adb94ab5604097c7e958f9f47ee2ff85d",
      "resolved": "https://registry.npmjs.org/npm-pkg-1953/-/npm-pkg-1953-0.1.13.tgz",
      "version": "0.1.13"
    },
    "node_modules/npm-pkg-1961": {
      "integrity": "sha512-905937528c3938c74ef2108a82b5cebfd506e158949eaf62",
      "resolved": "https://registry.npmjs.org/npm-pkg-1961/-/npm-pkg-1961-3.8.18.tgz",
      "version": "3.8.18"
    },
    "node_modules/npm-pkg-1980": {
      "integrity": "sha512-85cf9ed76610346ff37b714f8b0eda959b1a3974bb70e9b9",
      "resolved": "https://registry.npmjs.org/npm-pkg-1980/-/npm-pkg-1980-5.8.10.tgz",
      "version": "5.8.10"
    },
    "node_modules/npm-pkg-2016": {
      "integrity": "sha512-dba9c5df5e19897a3f9b234c0af7d08b2979accccde4f0fc",
      "resolved": "https://registry.npmjs.org/npm-pkg-2016/-/npm-pkg-2016-2.17.27.tgz",
      "version": "2.17.27"
    },
    "node_modules/npm-pkg-2042": {
      "integrity": "sha512-df7575ab00beb5a444e85fe5a834f02505fb302432d54b23",
      "resolved": "https://registry.npmjs.org/npm-pkg-2042/-/npm-pkg-2042-0.11.7.tgz",
      "version": "0.11.7"
    },
    "node_modules/npm-pkg-2073": {
      "integrity": "sha512-6c223ce18d2ccc88b79ffe02cd134b6e8f92b0cf7597be4f",
      "resolved": "https://registry.npmjs.org/npm-pkg-2073/-/npm-pkg-2073-0.10.15.tgz",
      "version": "0.10.15"
    },
    "node_modules/npm-pkg-2146": {
      "integrity": "sha512-e0604cd2ff7f438c342da32d50fc1eb536dc020454b2d387",
      "resolved": "https://registry.npmjs.org/npm-pkg-2146/-/npm-pkg-2146-0.0.21.tgz",
      "version": "0.0.21"
    },
    "node_modules/npm-pkg-222": {
      "integrity": "sha512-9be557d4bae44774f3e1e815710f8db98a3c24a329d055ff",
      "resolved": "https://registry.npmjs.org/npm-pkg-222/-/npm-pkg-222-5.9.29.tgz",
      "version": "5.9.29"
    },
    "node_modules/npm-pkg-2229": {
      "integrity": "sha512-3ddf593923df1a398d17a1092e8dd75a3580e35dc8442ad4",
      "resolved": "https://registry.npmjs.org/npm-pkg-2229/-/npm-pkg-2229-3.5.16.tgz",
      "version": "3.5.16"
    },
    "node_modules/npm-pkg-2240": {
      "integrity": "sha512-e8123f86c4209334be900eb22330e33fabda7fb0e2df8632",
      "resolved": "https://registry.npmjs.org/npm-pkg-2240/-/npm-pkg-2240-4.10.11.tgz",
      "version": "4.10.11"
    },
    "node_modules/npm-pkg-2272": {
      "integrity": "sha512-9a1922f8bbd952537cc7cb0a21a0f705eb97e4cbb42cdd95",
      "resolved": "https://registry.npmjs.org/npm-pkg-2272/-/npm-pkg-2272-5.18.2.tgz",
      "version": "5.18.2"
    },
    "node_modules/npm-pkg-2299": {
      "integrity": "sha512-5612e7b360567b7bd91b8d586fa108d14c05b1daf46a76f4",
      "resolved": "https://registry.npmjs.org/npm-pkg-2299/-/npm-pkg-2299-2.7.27.tgz",
      "version": "2.7.27"
    },
    "node_modules/npm-pkg-2398": {
      "integrity": "sha512-f1f36df4c3b66179ccf722941ffce833e116c1a7f8c2c9f6",
      "resolved": "https://registry.npmjs.org/npm-pkg-2398/-/npm-pkg-2398-3.0.2.tgz",
      "version": "3.0.2"
    },
    "node_modules/npm-pkg-2419": {
      "integrity": "sha512-078195bad34c58092e8a7dbca1bbc7f6b0a95429f8e7b609",
      "resolved": "https://registry.npmjs.org/npm-pkg-2419/-/npm-pkg-2419-3.8.0.tgz",
      "version": "3.8.0"
    },
    "node_modules/npm-pkg-2511": {
      "integrity": "sha512-9d6aa064777d671303f23c13f341cb16e070b37618b0845f",
      "resolved": "https://registry.npmjs.org/npm-pkg-2511/-/npm-pkg-2511-2.15.7.tgz",
      "version": "2.15.7"
    },
    "node_modules/npm-pkg-2530": {
      "integrity": "sha512-6966086c65104264af852940b4cd60ab9e873eaa370221a1",
      "resolved": "https://registry.npmjs.org/npm-pkg-2530/-/npm-pkg-2530-3.18.21.tgz",
      "version": "3.18.21"
    },
    "node_modules/npm-pkg-2567": {
      "integrity": "sha512-2e519acfa961159bea977cba4c205aeee6395a75dba73741",
      "resolved": "https://registry.npmjs.org/npm-pkg-2567/-/npm-pkg-2567-3.14.7.tgz",
      "version": "3.14.7"
    },
    "node_modules/npm-pkg-2595": {
      "integrity": "sha512-96e626d0f9eb99b6ffa2c76b9c753743c1ea45b2ab1b5939",
      "resolved": "https://registry.npmjs.org/npm-pkg-2595/-/npm-pkg-2595-0.11.22.tgz",
      "version": "0.11.22"
    },
    "node_modules/npm-pkg-2645": {
      "integrity": "sha512-17d8349de86a325b089ceaf6a4f6c3e2fbf17e9848436fc4",
      "resolved": "https://registry.npmjs.org/npm-pkg-2645/-/npm-pkg-2645-2.8.2.tgz",
      "version": "2.8.2"
    },
    "node_modules/npm-pkg-2684": {
      "integrity": "sha512-42e9f6a5773539a98de457ae41db6850e7d94488f2bcea12",
      "resolved": "https://registry.npmjs.org/npm-pkg-2684/-/npm-pkg-2684-4.6.27.tgz",
      "version": "4.6.27"
    },
    "node_modules/npm-pkg-2817": {
      "integrity": "sha512-77d9137d99030dd84245324dc8112c40db925c093701ad7e",
      "resolved": "https://registry.npmjs.org/npm-pkg-2817/-/npm-pkg-2817-4.8.23.tgz",
      "version": "4.8.23"
    },
    "node_modules/npm-pkg-2865": {
      "integrity": "sha512-71809d50ba7f0e4f6d5568e1df611e1e15e7329926c2fa95",
      "resolved": "https://registry.npmjs.org/npm-pkg-2865/-/npm-pkg-2865-0.6.16.tgz",
      "version": "0.6.16"
    },
    "node_modules/npm-pkg-2948": {
      "integrity": "sha512-243a48317179ba3351cf13f4200fb0d9a1ad5fd1fd21028e",
      "resolved": "https://registry.npmjs.org/npm-pkg-2948/-/npm-pkg-2948-3.19.10.tgz",
      "version": "3.19.10"
    },
    "node_modules/npm-pkg-2970": {
      "integrity": "sha512-62650969cf400809c6e1c6c784cb3dd4c769c8d4a1dd9e5b",
      "resolved": "https://registry.npmjs.org/npm-pkg-2970/-/npm-pkg-2970-4.8.10.tgz",
      "version": "4.8.10"
    },
    "node_modules/npm-pkg-301": {
      "integrity": "sha512-2b3f179551f5f6c1baa60cb4507abbfb5a9570dedd899bf2",
      "resolved": "https://registry.npmjs.org/npm-pkg-301/-/npm-pkg-301-4.6.27.tgz",
      "version": "4.6.27"
    },
    "node_modules/npm-pkg-3116": {
      "integrity": "sha512-5fdfc3a527db183e9ba2ef0bae3eea0bf93ada2bc6ed5997",
      "resolved": "https://registry.npmjs.org/npm-pkg-3116/-/npm-pkg-3116-0.13.9.tgz",
      "version": "0.13.9"
    },
    "node_modules/npm-pkg-3222": {
      "integrity": "sha512-e358e0560bd903c5adc1ab37da7098cc37c0f592cc7d5b2e",
      "resolved": "https://registry.npmjs.org/npm-pkg-3222/-/npm-pkg-3222-3.1.26.tgz",
      "version": "3.1.26"
    },
    "node_modules/npm-pkg-3226": {
      "integrity": "sha512-f0c17e38c255b142db6232631b38b75ba07741c5573a0cda",
      "resolved": "https://registry.npmjs.org/npm-pkg-3226/-/npm-pkg-3226-3.2.28.tgz",
      "version": "3.2.28"
    },
    "node_modules/npm-pkg-3319": {
      "integrity": "sha512-9af8677749b22b5c923e4078f5e8275c07e633c20be4b557",
      "resolved": "https://registry.npmjs.org/npm-pkg-3319/-/npm-pkg-3319-4.0.0.tgz",
      "version": "4.0.0"
    },
    "node_modules/npm-pkg-3428": {
      "integrity": "sha512-3c10ac9be282b71b372ab71ad80d117227a5bffe1439af12",
      "resolved": "https://registry.npmjs.org/npm-pkg-3428/-/npm-pkg-3428-3.16.8.tgz",
      "version": "3.16.8"
    },
    "node_modules/npm-pkg-3436": {
      "integrity": "sha512-79ee7e9754df874875c817fe9501f9281b90b61e8bcc5c00",
      "resolved": "https://registry.npmjs.org/npm-pkg-3436/-/npm-pkg-3436-3.16.27.tgz",
      "version": "3.16.27"
    },
    "node_modules/npm-pkg-3497": {
      "integrity": "sha512-6269accd8c87c29d401ec3961c42f10fe52c19de365322d1",
      "resolved": "https://registry.npmjs.org/npm-pkg-3497/-/npm-pkg-3497-3.0.3.tgz",
      "version": "3.0.3"
    },
    "node_modules/npm-pkg-3537": {
      "integrity": "sha512-935996468ed587f9282620efaff228c83bf696f285a8137e",
      "resolved": "https://registry.npmjs.org/npm-pkg-3537/-/npm-pkg-3537-2.9.14.tgz",
      "version": "2.9.14"
    },
    "node_modules/npm-pkg-3568": {
      "integrity": "sha512-53bbdc2f0ba3a60df57afbc7d27c74c1c05304ba659640c6",
      "resolved": "https://registry.npmjs.org/npm-pkg-3568/-/npm-pkg-3568-0.12.2.tgz",
      "version": "0.12.2"
    },
    "node_modules/npm-pkg-3603": {
      "integrity": "sha512-938bec38da37d4de14c6771a233b650a73080d36d027d098",
      "resolved": "https://registry.npmjs.org/npm-pkg-3603/-/npm-pkg-3603-1.16.25.tgz",
      "version": "1.16.25"
    },
    "node_modules/npm-pkg-3695": {
      "integrity": "sha512-1ea2cecc83c81e41eaf55d1ad930120548c60adbacbafd9c",
      "resolved": "https://registry.npmjs.org/npm-pkg-3695/-/npm-pkg-3695-2.19.13.tgz",
      "version": "2.19.13"
    },
    "node_modules/npm-pkg-3709": {
      "integrity": "sha512-0e2f1e6dd9b21721b3846223be1633f9e5e7250ad0d3f7df",
      "resolved": "https://registry.npmjs.org/npm-pkg-3709/-/npm-pkg-3709-5.8.15.tgz",
      "version": "5.8.15"
    },
    "node_modules/npm-pkg-3750": {
      "integrity": "sha512-1a16a65f31eb64d7c9a90cceea23f5c486e66925de48cadc",
      "resolved": "https://registry.npmjs.org/npm-pkg-3750/-/npm-pkg-3750-1.1.22.tgz",
      "version": "1.1.22"
    },
    "node_modules/npm-pkg-377": {
      "integrity": "sha512-fdf7e9e5a2491f8aa92ac8b8d2e4a8c5f4199f2e36eb4923",
      "resolved": "https://registry.npmjs.org/npm-pkg-377/-/npm-pkg-377-3.18.22.tgz",
      "version": "3.18.22"
    },
    "node_modules/npm-pkg-3882": {
      "integrity": "sha512-282abafa8b85feb0432f38b013520713c77582289cce8794",
      "resolved": "https://registry.npmjs.org/npm-pkg-3882/-/npm-pkg-3882-1.17.6.tgz",
      "version": "1.17.6"
    },
    "node_modules/npm-pkg-3999": {
      "integrity": "sha512-d7cb7e42d632c85790dd1c275d80cd7261ac426a8989b2b3",
      "resolved": "https://registry.npmjs.org/npm-pkg-3999/-/npm-pkg-3999-3.5.0.tgz",
      "version": "3.5.0"
    },
    "node_modules/npm-pkg-4230": {
      "integrity": "sha512-0698c66002eb99ecef3fa850a236dba664eefb9f44162141",
      "resolved": "https://registry.npmjs.org/npm-pkg-4230/-/npm-pkg-4230-3.3.22.tgz",
      "version": "3.3.22"
    },
    "node_modules/npm-pkg-4306": {
      "integrity": "sha512-98880d9956000527ca876c92204d29660b898ee3252b698b",
      "resolved": "https://registry.npmjs.org/npm-pkg-4306/-/npm-pkg-4306-2.6.6.tgz",
      "version": "2.6.6"
    },
    "node_modules/npm-pkg-4309": {
      "integrity": "sha512-7de8e84f472a0d2f51447bacb4f76b4272efb8a886493e86",
      "resolved": "https://registry.npmjs.org/npm-pkg-4309/-/npm-pkg-4309-2.12.2.tgz",
      "version": "2.12.2"
    },
    "node_modules/npm-pkg-4351": {
      "integrity": "sha512-be1bcad6b9c7bb34d34949f757f25530a2ba95aae8be46fe",
      "resolved": "https://registry.npmjs.org/npm-pkg-4351/-/npm-pkg-4351-5.16.0.tgz",
      "version": "5.16.0"
    },
    "node_modules/npm-pkg-4380": {
      "integrity": "sha512-e051a51549e175ce3b5cfefbfb497717433defd228350552",
      "resolved": "https://registry.npmjs.org/npm-pkg-4380/-/npm-pkg-4380-3.18.0.tgz",
      "version": "3.18.0"
    },
    "node_modules/npm-pkg-4398": {
      "integrity": "sha512-fc98d4f10dc31fc57cdbdbd1dfe6dab96be9f08cd420f4c4",
      "resolved": "https://registry.npmjs.org/npm-pkg-4398/-/npm-pkg-4398-5.16.10.tgz",
      "version": "5.16.10"
    },
    "node_modules/npm-pkg-4403": {
      "integrity": "sha512-80ab75c5972636e6f12a48aca0502ac8858b11f84115a25f",
      "resolved": "https://registry.npmjs.org/npm-pkg-4403/-/npm-pkg-4403-2.11.12.tgz",
      "version": "2.11.12"
    },
    "node_modules/npm-pkg-4434": {
      "integrity": "sha512-7978d6a52428a146b5a63a94715869592942c3a5cd831032",
      "resolved": "https://registry.npmjs.org/npm-pkg-4434/-/npm-pkg-4434-2.0.9.tgz",
      "version": "2.0.9"
    },
    "node_modules/npm-pkg-4485": {
      "integrity": "sha512-12bf99ebd89cb55e270d53390d0d52a9cadb74ff98979b04",
      "resolved": "https://registry.npmjs.org/npm-pkg-4485/-/npm-pkg-4485-3.14.23.tgz",
      "version": "3.14.23"
    },
    "node_modules/npm-pkg-4524": {
      "integrity": "sha512-987c5ab05c1d3a643cc503a8ff1946929d82593951554bc2",
      "resolved": "https://registry.npmjs.org/npm-pkg-4524/-/npm-pkg-4524-2.1.2.tgz",
      "version": "2.1.2"
    },
    "node_modules/npm-pkg-4530": {
      "integrity": "sha512-42526e3b8fd926ef30efee50ce4649802b8d6525d4fdee2a",
      "resolved": "https://registry.npmjs.org/npm-pkg-4530/-/npm-pkg-4530-4.7.6.tgz",
      "version": "4.7.6"
    },
    "node_modules/npm-pkg-4594": {
      "integrity": "sha512-b38a636d7c25ed257f8ec04fe8f0aeb2dac8cd8a855b47b3",
      "resolved": "https://registry.npmjs.org/npm-pkg-4594/-/npm-pkg-4594-2.5.4.tgz",
      "version": "2.5.4"
    },
    "node_modules/npm-pkg-4611": {
      "integrity": "sha512-a668bc08ce4b0dbaf360d6cb6ce45df445a30420e010e1e6",
      "resolved": "https://registry.npmjs.org/npm-pkg-4611/-/npm-pkg-4611-5.10.9.tgz",
      "version": "5.10.9"
    },
    "node_modules/npm-pkg-4644": {
      "integrity": "sha512-44fedbcc5490cfabd09c9f14a74dfcc01942fedccad1520f",
      "resolved": "https://registry.npmjs.org/npm-pkg-4644/-/npm-pkg-4644-4.19.10.tgz",
      "version": "4.19.10"
    },
    "node_modules/npm-pkg-4658": {
      "integrity": "sha512-700630f7d7e86300dbf966d536990c1a58afd8b4552a70c2",
      "resolved": "https://registry.npmjs.org/npm-pkg-4658/-/npm-pkg-4658-4.3.0.tgz",
      "version": "4.3.0"
    },
    "node_modules/npm-pkg-4664": {
      "integrity": "sha512-80c3bcf6f108f600b360a689c1c31639e856ff2ff4bcf223",
      "resolved": "https://registry.npmjs.org/npm-pkg-4664/-/npm-pkg-4664-4.12.11.tgz",
      "version": "4.12.11"
    },
    "node_modules/npm-pkg-4713": {
      "integrity": "sha512-f09db9995d622854e84842e946a464d7fa21f0f74b18ac39",
      "resolved": "https://registry.npmjs.org/npm-pkg-4713/-/npm-pkg-4713-3.4.28.tgz",
      "version": "3.4.28"
    },
    "node_modules/npm-pkg-4714": {
      "integrity": "sha512-c53a946b5041a42661443bfb27044aa73d2bb8928cd20603",
      "resolved": "https://registry.npmjs.org/npm-pkg-4714/-/npm-pkg-4714-3.5.10.tgz",
      "version": "3.5.10"
    },
    "node_modules/npm-pkg-4737": {
      "integrity": "sha512-ec5a05373aefc89fd7e9e939f09d607667dda13ac1b6364b",
      "resolved": "https://registry.npmjs.org/npm-pkg-4737/-/npm-pkg-4737-1.3.27.tgz",
      "version": "1.3.27"
    },
    "node_modules/npm-pkg-4743": {
      "integrity": "sha512-133641314d5f338f5b315ba2720ecbd5c8d67e7ed4dd9cfc",
      "resolved": "https://registry.npmjs.org/npm-pkg-4743/-/npm-pkg-4743-4.12.28.tgz",
      "version": "4.12.28"
    },
    "node_modules/npm-pkg-4770": {
      "integrity": "sha512-6225725bd4496fd023f98a19ab395dfb9cc9bbae684310dd",
      "resolved": "https://registry.npmjs.org/npm-pkg-4770/-/npm-pkg-4770-3.2.28.tgz",
      "version": "3.2.28"
    },
    "node_modules/npm-pkg-4839": {
      "integrity": "sha512-5404f351296aaee78d754ac4cae3ab098ba01d53361b8e16",
      "resolved": "https://registry.npmjs.org/npm-pkg-4839/-/npm-pkg-4839-4.9.11.tgz",
      "version": "4.9.11"
    },
    "node_modules/npm-pkg-4874": {
      "integrity": "sha512-88cab48ce6c839942ed243c253859e60ebb869d05e50034d",
      "resolved": "https://registry.npmjs.org/npm-pkg-4874/-/npm-pkg-4874-2.8.18.tgz",
      "version": "2.8.18"
    },
    "node_modules/npm-pkg-4977": {
      "integrity": "sha512-40ca7f4ec13cf202249384b007dc7ae6d971053e32727447",
      "resolved": "https://registry.npmjs.org/npm-pkg-4977/-/npm-pkg-4977-4.18.21.tgz",
      "version": "4.18.21"
    },
    "node_modules/npm-pkg-5004": {
      "integrity": "sha512-88b5a97625c5d9acdbdacffbf7bb86e3960bedd3e64d4528",
      "resolved": "https://registry.npmjs.org/npm-pkg-5004/-/npm-pkg-5004-1.8.14.tgz",
      "version": "1.8.14"
    },
    "node_modules/npm-pkg-5028": {
      "integrity": "sha512-9f0bb5153142c160f26fc515f469e91c910806d3cabddf49",
      "resolved": "https://registry.npmjs.org/npm-pkg-5028/-/npm-pkg-5028-5.17.0.tgz",
      "version": "5.17.0"
    },
    "node_modules/npm-pkg-5087": {
      "integrity": "sha512-b869741753073831bf78d17b3fcb0638d8726e622b69102a",
      "resolved": "https://registry.npmjs.org/npm-pkg-5087/-/npm-pkg-5087-2.20.14.tgz",
      "version": "2.20.14"
    },
    "node_modules/npm-pkg-5101": {
      "integrity": "sha512-3077db7c6d0571073e321756491596a9db987d0c542d29f1",
      "resolved": "https://registry.npmjs.org/npm-pkg-5101/-/npm-pkg-5101-0.19.7.tgz",
      "version": "0.19.7"
    },
    "node_modules/npm-pkg-5151": {
      "integrity": "sha512-9ac3adfb47e13d4c59a5410a6d0f7fa749e63e0b974bd4d2",
      "resolved": "https://registry.npmjs.org/npm-pkg-5151/-/npm-pkg-5151-0.8.6.tgz",
      "version": "0.8.6"
    },
    "node_modules/npm-pkg-5161": {
      "integrity": "sha512-e2a108c9a1b2f4bd425bc8069a604e3a7a0988567371691b",
      "resolved": "https://registry.npmjs.org/npm-pkg-5161/-/npm-pkg-5161-3.19.20.tgz",
      "version": "3.19.20"
    },
    "node_modules/npm-pkg-5186": {
      "integrity": "sha512-111caf4eec2e5cda17ddb061dca0b713c072eef102bbf7ba",
      "resolved": "https://registry.npmjs.org/npm-pkg-5186/-/npm-pkg-5186-3.10.13.tgz",
      "version": "3.10.13"
    },
    "node_modules/npm-pkg-5208": {
      "integrity": "sha512-8a3d3da8850d70d9eb2918311103c189a690f3fd2db13734",
      "resolved": "https://registry.npmjs.org/npm-pkg-5208/-/npm-pkg-5208-4.15.8.tgz",
      "version": "4.15.8"
    },
    "node_modules/npm-pkg-5288": {
      "integrity": "sha512-e14d9614544e00187685d40e4177720dc99601adc35416ab",
      "resolved": "https://registry.npmjs.org/npm-pkg-5288/-/npm-pkg-5288-5.15.12.tgz",
      "version": "5.15.12"
    },
    "node_modules/npm-pkg-5519": {
      "integrity": "sha512-a676581468e093bed9df88b104e4353d524b3f7a39be46ef",
      "resolved": "https://registry.npmjs.org/npm-pkg-5519/-/npm-pkg-5519-0.15.29.tgz",
      "version": "0.15.29"
    },
    "node_modules/npm-pkg-558": {
      "integrity": "sha512-bd4d1253768b89ac41522bb8966e96d8a02c82703e71a33a",
      "resolved": "https://registry.npmjs.org/npm-pkg-558/-/npm-pkg-558-0.6.27.tgz",
      "version": "0.6.27"
    },
    "node_modules/npm-pkg-5668": {
      "integrity": "sha512-2560ef7081867e49dc83f3d7671bdef7050c99ec54d465c1",
      "resolved": "https://registry.npmjs.org/npm-pkg-5668/-/npm-pkg-5668-4.16.26.tgz",
      "version": "4.16.26"
    },
    "node_modules/npm-pkg-5737": {
      "integrity": "sha512-38c06b2f2a454960c9ab853d5b65d323f9d0ead523a7c5ab",
      "resolved": "https://registry.npmjs.org/npm-pkg-5737/-/npm-pkg-5737-3.18.12.tgz",
      "version": "3.18.12"
    },
    "node_modules/npm-pkg-5755": {
      "integrity": "sha512-2df9b6c38acd7a4cc13a466d27f8217a839cbd9f3a5250f0",
      "resolved": "https://registry.npmjs.org/npm-pkg-5755/-/npm-pkg-5755-0.5.28.tgz",
      "version": "0.5.28"
    },
    "node_modules/npm-pkg-5778": {
      "integrity": "sha512-c22d7158bdc897cf8d48b70a2663c2048fb9cc06fd849abb",
      "resolved": "https://registry.npmjs.org/npm-pkg-5778/-/npm-pkg-5778-3.18.2.tgz",
      "version": "3.18.2"
    },
    "node_modules/npm-pkg-5803": {
      "integrity": "sha512-d650d96837bf105f734fc2a1c9cef1e7bbde99de50a72fc1",
      "resolved": "https://registry.npmjs.org/npm-pkg-5803/-/npm-pkg-5803-3.4.3.tgz",
      "version": "3.4.3"
    },
    "node_modules/npm-pkg-5838": {
      "integrity": "sha512-05cb6722ba75edaf9dde1154ab39041d9371311e9b2e8dfa",
      "resolved": "https://registry.npmjs.org/npm-pkg-5838/-/npm-pkg-5838-0.13.28.tgz",
      "version": "0.13.28"
    },
    "node_modules/npm-pkg-5844": {
      "integrity": "sha512-12c5a2ea631145010b8e4542e52f8811cf2d374573e8b720",
      "resolved": "https://registry.npmjs.org/npm-pkg-5844/-/npm-pkg-5844-3.16.20.tgz",
      "version": "3.16.20"
    },
    "node_modules/npm-pkg-5979": {
      "integrity": "sha512-aa7815d91703800ccf5556ee5bd6196a13bac5610e5a98f5",
      "resolved": "https://registry.npmjs.org/npm-pkg-5979/-/npm-pkg-5979-0.13.28.tgz",
      "version": "0.13.28"
    },
    "node_modules/npm-pkg-6002": {
      "integrity": "sha512-226412eace73df1777e21d1d03a189ed5ad899a451c721bc",
      "resolved": "https://registry.npmjs.org/npm-pkg-6002/-/npm-pkg-6002-1.1.1.tgz",
      "version": "1.1.1"
    },
    "node_modules/npm-pkg-6106": {
      "integrity": "sha512-be1d67892a9f8f4203558d9d7efee1acb6366f6d32f0ddaa",
      "resolved": "https://registry.npmjs.org/npm-pkg-6106/-/npm-pkg-6106-3.14.18.tgz",
      "version": "3.14.18"
    },
    "node_modules/npm-pkg-612": {
      "integrity": "sha512-e9ac20285776184dc56a9374229d63a945b4ab6e74991fdb",
      "resolved": "https://registry.npmjs.org/npm-pkg-612/-/npm-pkg-612-1.16.11.tgz",
      "version": "1.16.11"
    },
    "node_modules/npm-pkg-6128": {
      "integrity": "sha512-e4fed92110ad767dedd9a165ac6f7389673c4fd4c1d88a65",
      "resolved": "https://registry.npmjs.org/npm-pkg-6128/-/npm-pkg-6128-1.19.5.tgz",
      "version": "1.19.5"
    },
    "node_modules/npm-pkg-6140": {
      "integrity": "sha512-74b79e70d7ba52d2e722656263516154ca0d8b5fb115a566",
      "resolved": "https://registry.npmjs.org/npm-pkg-6140/-/npm-pkg-6140-2.14.20.tgz",
      "version": "2.14.20"
    },
    "node_modules/npm-pkg-6159": {
      "integrity": "sha512-9f4c9864899598db0d7f8753770c41adca6dd920332a5a73",
      "resolved": "https://registry.npmjs.org/npm-pkg-6159/-/npm-pkg-6159-2.6.19.tgz",
      "version": "2.6.19"
    },
    "node_modules/npm-pkg-6162": {
      "integrity": "sha512-0f3444c714dd4748a42c1aa48289338d17b3440434a6a467",
      "resolved": "https://registry.npmjs.org/npm-pkg-6162/-/npm-pkg-6162-2.7.26.tgz",
      "version": "2.7.26"
    },
    "node_modules/npm-pkg-6216": {
      "integrity": "sha512-cc38571787375974fc4f08d170e6e9182f47d3e7ba89a741",
      "resolved": "https://registry.npmjs.org/npm-pkg-6216/-/npm-pkg-6216-5.4.8.tgz",
      "version": "5.4.8"
    },
    "node_modules/npm-pkg-6279": {
      "integrity": "sha512-159b4205e1e7cd6034b1e6a5b970c41db1bbd215d30c647a",
      "resolved": "https://registry.npmjs.org/npm-pkg-6279/-/npm-pkg-6279-2.5.11.tgz",
      "version": "2.5.11"
    },
    "node_modules/npm-pkg-6304": {
      "integrity": "sha512-172f9bf1f1a1e179d3ddd87c931e648985d5fcb439fdbee2",
      "resolved": "https://registry.npmjs.org/npm-pkg-6304/-/npm-pkg-6304-5.1.16.tgz",
      "version": "5.1.16"
    },
    "node_modules/npm-pkg-6329": {
      "integrity": "sha512-d5381e16328c4fd1de2c1b6eb50f1c141092d61c36dc425c",
      "resolved": "https://registry.npmjs.org/npm-pkg-6329/-/npm-pkg-6329-5.18.30.tgz",
      "version": "5.18.30"
    },
    "node_modules/npm-pkg-6348": {
      "integrity": "sha512-3d3148eb28d0eb5986055dec498b25e22976e48380c34c99",
      "resolved": "https://registry.npmjs.org/npm-pkg-6348/-/npm-pkg-6348-4.11.27.tgz",
      "version": "4.11.27"
    },
    "node_modules/npm-pkg-6368": {
      "integrity": "sha512-6fd2f82122802ab0078a411f93b1a6cfa1f806d4c2ab898a",
      "resolved": "https://registry.npmjs.org/npm-pkg-6368/-/npm-pkg-6368-1.20.0.tgz",
      "version": "1.20.0"
    },
    "node_modules/npm-pkg-6551": {
      "integrity": "sha512-290b224c762f42581a5a982f4e071f1e136b25ed7ff019d2",
      "resolved": "https://registry.npmjs.org/npm-pkg-6551/-/npm-pkg-6551-2.20.20.tgz",
      "version": "2.20.20"
    },
    "node_modules/npm-pkg-6572": {
      "integrity": "sha512-756b9f44cc0460af6cf5dc1a2a80e88ff4602a9ce7a8b56a",
      "resolved": "https://registry.npmjs.org/npm-pkg-6572/-/npm-pkg-6572-0.8.26.tgz",
      "version": "0.8.26"
    },
    "node_modules/npm-pkg-6579": {
      "integrity": "sha512-6358883f4b6c1f00f8a7b17baf1c2f7db5482965c8e1273e",
      "resolved": "https://registry.npmjs.org/npm-pkg-6579/-/npm-pkg-6579-0.14.1.tgz",
      "version": "0.14.1"
    },
    "node_modules/npm-pkg-6672": {
      "integrity": "sha512-038ebdd223a97f9ddc2c68cdd36c9d8c6b707b3ceafec438",
      "resolved": "https://registry.npmjs.org/npm-pkg-6672/-/npm-pkg-6672-5.8.1.tgz",
      "version": "5.8.1"
    },
    "node_modules/npm-pkg-6701": {
      "integrity": "sha512-e92e7f669141cdaca4a2de41c1e4a3356c93321ef3c6671f",
      "resolved": "https://registry.npmjs.org/npm-pkg-6701/-/npm-pkg-6701-2.17.21.tgz",
      "version": "2.17.21"
    },
    "node_modules/npm-pkg-6715": {
      "integrity": "sha512-35bfb1ee8c9e64e68bbc466eb8a95b2e15f6e9344b0c0d3d",
      "resolved": "https://registry.npmjs.org/npm-pkg-6715/-/npm-pkg-6715-4.10.7.tgz",
      "version": "4.10.7"
    },
    "node_modules/npm-pkg-6845": {
      "integrity": "sha512-0194666fd8b35cfe17fd5bb163811946f6aab4e9fa9a3655",
      "resolved": "https://registry.npmjs.org/npm-pkg-6845/-/npm-pkg-6845-5.5.29.tgz",
      "version": "5.5.29"
    },
    "node_modules/npm-pkg-6859": {
      "integrity": "sha512-e8b8d712deb657abaa61b3092660b393a9b6523aab9d5e45",
      "resolved": "https://registry.npmjs.org/npm-pkg-6859/-/npm-pkg-6859-5.18.10.tgz",
      "version": "5.18.10"
    },
    "node_modules/npm-pkg-6890": {
      "integrity": "sha512-bf15d4f6c46109e2531275ea633f48bf95cd7f499fb93afe",
      "resolved": "https://registry.npmjs.org/npm-pkg-6890/-/npm-pkg-6890-5.12.27.tgz",
      "version": "5.12.27"
    },
    "node_modules/npm-pkg-6897": {
      "integrity": "sha512-81d02817972344e7b558b96818b7c279d969fca7350cf1f1",
      "resolved": "https://registry.npmjs.org/npm-pkg-6897/-/npm-pkg-6897-0.0.2.tgz",
      "version": "0.0.2"
    },
    "node_modules/npm-pkg-6925": {
      "integrity": "sha512-60fd22e8832082ea57aefd4f1659bd54b73088d513eb4971",
      "resolved": "https://registry.npmjs.org/npm-pkg-6925/-/npm-pkg-6925-2.17.5.tgz",
      "version": "2.17.5"
    },
    "node_modules/npm-pkg-6926": {
      "integrity": "sha512-4a09ed58d550a70159e9989aa03170719c25c5908e8158f3",
      "resolved": "https://registry.npmjs.org/npm-pkg-6926/-/npm-pkg-6926-1.20.6.tgz",
      "version": "1.20.6"
    },
    "node_modules/npm-pkg-6957": {
      "integrity": "sha512-8ebbaa99125a23588e61731f5e7faedde999d7d822563da8",
      "resolved": "https://registry.npmjs.org/npm-pkg-6957/-/npm-pkg-6957-0.11.30.tgz",
      "version": "0.11.30"
    },
    "node_modules/npm-pkg-7021": {
      "integrity": "sha512-a73286d45633ba47b15b67d9e60c319b5556838ab37f498b",
      "resolved": "https://registry.npmjs.org/npm-pkg-7021/-/npm-pkg-7021-0.8.24.tgz",
      "version": "0.8.24"
    },
    "node_modules/npm-pkg-7038": {
      "integrity": "sha512-6972e8269b6855b12fcbf2ae01ec1e3ba9e3738666e2028d",
      "resolved": "https://registry.npmjs.org/npm-pkg-7038/-/npm-pkg-7038-0.10.11.tgz",
      "version": "0.10.11"
    },
    "node_modules/npm-pkg-7074": {
      "integrity": "sha512-9395565cc1253a6ef385518bf638018f333d667bf5e43dde",
      "resolved": "https://registry.npmjs.org/npm-pkg-7074/-/npm-pkg-7074-2.12.9.tgz",
      "version": "2.12.9"
    },
    "node_modules/npm-pkg-7080": {
      "integrity": "sha512-a879431f50f3a307341b518514d2c2e2eed1856ddf862d6c",
      "resolved": "https://registry.npmjs.org/npm-pkg-7080/-/npm-pkg-7080-5.12.16.tgz",
      "version": "5.12.16"
    },
    "node_modules/npm-pkg-715": {
      "integrity": "sha512-4b69bc5d74c9e2d946f5f25dacfdd7489a38798937e8d074",
      "resolved": "https://registry.npmjs.org/npm-pkg-715/-/npm-pkg-715-3.8.2.tgz",
      "version": "3.8.2"
    },
    "node_modules/npm-pkg-7189": {
      "integrity": "sha512-ae2addd6c862b749acb450fbde0d9b2de0ca65b78c588b8e",
      "resolved": "https://registry.npmjs.org/npm-pkg-7189/-/npm-pkg-7189-2.8.23.tgz",
      "version": "2.8.23"
    },
    "node_modules/npm-pkg-7197": {
      "integrity": "sha512-f9f5af0a871dd443323044896e74b812936f078a652a7820",
      "resolved": "https://registry.npmjs.org/npm-pkg-7197/-/npm-pkg-7197-1.20.11.tgz",
      "version": "1.20.11"
    },
    "node_modules/npm-pkg-7217": {
      "integrity": "sha512-70b0e5554aa4f15153ef1409a187bf2988a46181f375c318",
      "resolved": "https://registry.npmjs.org/npm-pkg-7217/-/npm-pkg-7217-4.19.15.tgz",
      "version": "4.19.15"
    },
    "node_modules/npm-pkg-7289": {
      "integrity": "sha512-6963e59904cd5d2a20e72625c8a1ce81bb166b1e10d1a8d8",
      "resolved": "https://registry.npmjs.org/npm-pkg-7289/-/npm-pkg-7289-3.20.15.tgz",
      "version": "3.20.15"
    },
    "node_modules/npm-pkg-729": {
      "integrity": "sha512-cd79d9cce0c7d69ea20ba15fc344158aa9b5bfddc6f9ee18",
      "resolved": "https://registry.npmjs.org/npm-pkg-729/-/npm-pkg-729-5.7.18.tgz",
      "version": "5.7.18"
    },
    "node_modules/npm-pkg-7326": {
      "integrity": "sha512-330409a5171c9a94f03d68ed46bf08379ff4a7c370993405",
      "resolved": "https://registry.npmjs.org/npm-pkg-7326/-/npm-pkg-7326-5.11.21.tgz",
      "version": "5.11.21"
    },
    "node_modules/npm-pkg-737": {
      "integrity": "sha512-6ca6d6f259accb91cbf70e40f6d04c8337f3a368110b2400",
      "resolved": "https://registry.npmjs.org/npm-pkg-737/-/npm-pkg-737-2.14.3.tgz",
      "version": "2.14.3"
    },
    "node_modules/npm-pkg-742": {
      "integrity": "sha512-0741980eb3369891e20836458e89a328b4339378811e2e90",
      "resolved": "https://registry.npmjs.org/npm-pkg-742/-/npm-pkg-742-5.17.29.tgz",
      "version": "5.17.29"
    },
    "node_modules/npm-pkg-7421": {
      "integrity": "sha512-e712cdbf1169850f9a1d2897b3836e03403c002d67cedd87",
      "resolved": "https://registry.npmjs.org/npm-pkg-7421/-/npm-pkg-7421-1.13.26.tgz",
      "version": "1.13.26"
    },
    "node_modules/npm-pkg-7422": {
      "integrity": "sha512-f5c32b60f6048798d70b04889a84bff6b8f48b438ca7b31c",
      "resolved": "https://registry.npmjs.org/npm-pkg-7422/-/npm-pkg-7422-0.6.1.tgz",
      "version": "0.6.1"
    },
    "node_modules/npm-pkg-7450": {
      "integrity": "sha512-6452d527853b211ae80a3375fa37c05ec6e8ead7658ea872",
      "resolved": "https://registry.npmjs.org/npm-pkg-7450/-/npm-pkg-7450-0.8.27.tgz",
      "version": "0.8.27"
    },
    "node_modules/npm-pkg-7471": {
      "integrity": "sha512-84d7db67388d4478fe79a6f6ead4a5807ea8b43210a93532",
      "resolved": "https://registry.npmjs.org/npm-pkg-7471/-/npm-pkg-7471-4.11.2.tgz",
      "version": "4.11.2"
    },
    "node_modules/npm-pkg-7639": {
      "integrity": "sha512-2b21765dc7c22bcc723db46b02ed3666db85396c590886b2",
      "resolved": "https://registry.npmjs.org/npm-pkg-7639/-/npm-pkg-7639-5.14.22.tgz",
      "version": "5.14.22"
    },
    "node_modules/npm-pkg-7651": {
      "integrity": "sha512-8f0cf251b5f1d1071aa5c7efbfe4e93778f9a697b565be4f",
      "resolved": "https://registry.npmjs.org/npm-pkg-7651/-/npm-pkg-7651-4.10.22.tgz",
      "version": "4.10.22"
    },
    "node_modules/npm-pkg-7653": {
      "integrity": "sha512-3511b32c128c5da0b7fbac7bf916f640e18f96d79e0b6a76",
      "resolved": "https://registry.npmjs.org/npm-pkg-7653/-/npm-pkg-7653-4.9.8.tgz",
      "version": "4.9.8"
    },
    "node_modules/npm-pkg-7679": {
      "integrity": "sha512-ed2d6b0cf9b3d0db40a8eca11bef7b9034ee48cce18e0d7c",
      "resolved": "https://registry.npmjs.org/npm-pkg-7679/-/npm-pkg-7679-5.7.12.tgz",
      "version": "5.7.12"
    },
    "node_modules/npm-pkg-7702": {
      "integrity": "sha512-dca9405994c33407049e6e3b30dee3e557d170f00c08666d",
      "resolved": "https://registry.npmjs.org/npm-pkg-7702/-/npm-pkg-7702-1.15.28.tgz",
      "version": "1.15.28"
    },
    "node_modules/npm-pkg-7714": {
      "integrity": "sha512-ed1374fec57a8b0db595d12f424727ad9f4d93dd6b0d91b4",
      "resolved": "https://registry.npmjs.org/npm-pkg-7714/-/npm-pkg-7714-2.10.8.tgz",
      "version": "2.10.8"
    },
    "node_modules/npm-pkg-7715": {
      "integrity": "sha512-28c9da7f31b803b0a857068883bcfd654061474695565756",
      "resolved": "https://registry.npmjs.org/npm-pkg-7715/-/npm-pkg-7715-0.1.3.tgz",
      "version": "0.1.3"
    },
    "node_modules/npm-pkg-7862": {
      "integrity": "sha512-bd8ab34a17a8d281925c7f8b2b37692609236fa6a34e4d1b",
      "resolved": "https://registry.npmjs.org/npm-pkg-7862/-/npm-pkg-7862-0.11.13.tgz",
      "version": "0.11.13"
    },
    "node_modules/npm-pkg-7913": {
      "integrity": "sha512-d2354b043c821820dc85d14e3994656e3e7860af405f208f",
      "resolved": "https://registry.npmjs.org/npm-pkg-7913/-/npm-pkg-7913-2.0.1.tgz",
      "version": "2.0.1"
    },
    "node_modules/npm-pkg-800": {
      "integrity": "sha512-996ca2f142431b3a5bfa733c558829a590c80e3c4db8d821",
      "resolved": "https://registry.npmjs.org/npm-pkg-800/-/npm-pkg-800-0.14.30.tgz",
      "version": "0.14.30"
    },
    "node_modules/npm-pkg-8016": {
      "integrity": "sha512-c807136a5972289a2e57e7ca33554909e6588d40ae3e135e",
      "resolved": "https://registry.npmjs.org/npm-pkg-8016/-/npm-pkg-8016-2.10.11.tgz",
      "version": "2.10.11"
    },
    "node_modules/npm-pkg-8044": {
      "integrity": "sha512-473c75fb6d6fb22575e124cc1f5542fd4ea96d416b2911d2",
      "resolved": "https://registry.npmjs.org/npm-pkg-8044/-/npm-pkg-8044-2.5.10.tgz",
      "version": "2.5.10"
    },
    "node_modules/npm-pkg-8074": {
      "integrity": "sha512-a5ab131bf8378aeb4d71b3214ed99e2e1a65ab22618d0f05",
      "resolved": "https://registry.npmjs.org/npm-pkg-8074/-/npm-pkg-8074-1.7.1.tgz",
      "version": "1.7.1"
    },
    "node_modules/npm-pkg-8140": {
      "integrity": "sha512-c27adeb016cbcbcdfaa9ba6dfcf6f0856822079430757d48",
      "resolved": "https://registry.npmjs.org/npm-pkg-8140/-/npm-pkg-8140-3.5.28.tgz",
      "version": "3.5.28"
    },
    "node_modules/npm-pkg-8175": {
      "integrity": "sha512-263d0e970b7dd6eddc4e9d015552c9aabf69d23319840609",
      "resolved": "https://registry.npmjs.org/npm-pkg-8175/-/npm-pkg-8175-5.16.14.tgz",
      "version": "5.16.14"
    },
    "node_modules/npm-pkg-8229": {
      "integrity": "sha512-006732fee412198580900bcd736fd98ab326694d5ee744c9",
      "resolved": "https://registry.npmjs.org/npm-pkg-8229/-/npm-pkg-8229-2.6.2.tgz",
      "version": "2.6.2"
    },
    "node_modules/npm-pkg-8339": {
      "integrity": "sha512-ed84edfec8875e8e22d0be1c3473aacb883f02841cb14d19",
      "resolved": "https://registry.npmjs.org/npm-pkg-8339/-/npm-pkg-8339-5.17.24.tgz",
      "version": "5.17.24"
    },
    "node_modules/npm-pkg-8349": {
      "integrity": "sha512-3eed9cfc27d1c936365fa0b13474a378b0660e15d33db335",
      "resolved": "https://registry.npmjs.org/npm-pkg-8349/-/npm-pkg-8349-0.20.9.tgz",
      "version": "0.20.9"
    },
    "node_modules/npm-pkg-8365": {
      "integrity": "sha512-d1685b93fb388825e11ddc9bacfae11c0157a2672a13c70d",
      "resolved": "https://registry.npmjs.org/npm-pkg-8365/-/npm-pkg-8365-0.10.15.tgz",
      "version": "0.10.15"
    },
    "node_modules/npm-pkg-8375": {
      "integrity": "sha512-95dd3420f2642d9bd691c61af365d04bf19d35efc079be45",
      "resolved": "https://registry.npmjs.org/npm-pkg-8375/-/npm-pkg-8375-0.14.29.tgz",
      "version": "0.14.29"
    },
    "node_modules/npm-pkg-8381": {
      "integrity": "sha512-2c0c7e708cd40bff6f1076702dcceb1e9aa6947ae74f3fcf",
      "resolved": "https://registry.npmjs.org/npm-pkg-8381/-/npm-pkg-8381-5.2.19.tgz",
      "version": "5.2.19"
    },
    "node_modules/npm-pkg-8423": {
      "integrity": "sha512-4f0420670c16e222667f84b5c7606b57535a34cc2401f333",
      "resolved": "https://registry.npmjs.org/npm-pkg-8423/-/npm-pkg-8423-2.13.1.tgz",
      "version": "2.13.1"
    },
    "node_modules/npm-pkg-8484": {
      "integrity": "sha512-baee0325a72606023f89bc5de6affa30f94ea0c7f6255a70",
      "resolved": "https://registry.npmjs.org/npm-pkg-8484/-/npm-pkg-8484-5.2.24.tgz",
      "version": "5.2.24"
    },
    "node_modules/npm-pkg-8514": {
      "integrity": "sha512-f242db3a6a4efce4ad80367c196413a57b8fa3c5c18a120c",
      "resolved": "https://registry.npmjs.org/npm-pkg-8514/-/npm-pkg-8514-5.10.9.tgz",
      "version": "5.10.9"
    },
    "node_modules/npm-pkg-8519": {
      "integrity": "sha512-72b6bff3e5effb865389a4eb9add9ad1b86db5272ca51e2e",
      "resolved": "https://registry.npmjs.org/npm-pkg-8519/-/npm-pkg-8519-1.9.30.tgz",
      "version": "1.9.30"
    },
    "node_modules/npm-pkg-8568": {
      "integrity": "sha512-5b3e09f04379616f4278ec3ab9601e05a53c54c02a1bd043",
      "resolved": "https://registry.npmjs.org/npm-pkg-8568/-/npm-pkg-8568-3.11.29.tgz",
      "version": "3.11.29"
    },
    "node_modules/npm-pkg-8600": {
      "integrity": "sha512-aeecb84f63f27efecf13cab5a9fbd4a8795d30c007c00716",
      "resolved": "https://registry.npmjs.org/npm-pkg-8600/-/npm-pkg-8600-4.11.17.tgz",
      "version": "4.11.17"
    },
    "node_modules/npm-pkg-8640": {
      "integrity": "sha512-aad27ae4c29cf865940fa7ccbd7f14e091f297016d040665",
      "resolved": "https://registry.npmjs.org/npm-pkg-8640/-/npm-pkg-8640-3.9.13.tgz",
      "version": "3.9.13"
    },
    "node_modules/npm-pkg-8644": {
      "integrity": "sha512-8c847e5a15576871e4fbe256dafdfb06ee3bc1de9a28b33f",
      "resolved": "https://registry.npmjs.org/npm-pkg-8644/-/npm-pkg-8644-3.8.1.tgz",
      "version": "3.8.1"
    },
    "node_modules/npm-pkg-8663": {
      "integrity": "sha512-24ac64e4fd7dc2222e4966bde29d8d4740e2b2d579a476d8",
      "resolved": "https://registry.npmjs.org/npm-pkg-8663/-/npm-pkg-8663-1.6.16.tgz",
      "version": "1.6.16"
    },
    "node_modules/npm-pkg-8719": {
      "integrity": "sha512-0b4a7324cd63b2587fefec9473d272a2f8feead020ef8d91",
      "resolved": "https://registry.npmjs.org/npm-pkg-8719/-/npm-pkg-8719-1.19.19.tgz",
      "version": "1.19.19"
    },
    "node_modules/npm-pkg-8728": {
      "integrity": "sha512-a848eeeb1312bc9c79cef030f5156e15d71ded22907d4904",
      "resolved": "https://registry.npmjs.org/npm-pkg-8728/-/npm-pkg-8728-4.17.6.tgz",
      "version": "4.17.6"
    },
    "node_modules/npm-pkg-8765": {
      "integrity": "sha512-b19f5e9b779767e3acf246ee9eded9028d75a7f0dfca247e",
      "resolved": "https://registry.npmjs.org/npm-pkg-8765/-/npm-pkg-8765-3.10.6.tgz",
      "version": "3.10.6"
    },
    "node_modules/npm-pkg-8795": {
      "integrity": "sha512-228905e2d641d7b612fe3b7c8d9c30e1463842050c6a4685",
      "resolved": "https://registry.npmjs.org/npm-pkg-8795/-/npm-pkg-8795-3.12.5.tgz",
      "version": "3.12.5"
    },
    "node_modules/npm-pkg-88": {
      "integrity": "sha512-e2f725bf71cc6febee14b10572a0998f225add17478045a8",
      "resolved": "https://registry.npmjs.org/npm-pkg-88/-/npm-pkg-88-2.16.22.tgz",
      "version": "2.16.22"
    },
    "node_modules/npm-pkg-8867": {
      "integrity": "sha512-3282ac7d71517b150f2676ab14883f1f0d0f2175a2c40c22",
      "resolved": "https://registry.npmjs.org/npm-pkg-8867/-/npm-pkg-8867-3.13.8.tgz",
      "version": "3.13.8"
    },
    "node_modules/npm-pkg-8870": {
      "integrity": "sha512-cf159de86633b93710a5f3631c549f1c323525aae38e83bc",
      "resolved": "https://registry.npmjs.org/npm-pkg-8870/-/npm-pkg-8870-5.17.12.tgz",
      "version": "5.17.12"
    },
    "node_modules/npm-pkg-8888": {
      "integrity": "sha512-9ef58b40c810d53e2f18c8e10ea9043f8179bff0092e36cd",
      "resolved": "https://registry.npmjs.org/npm-pkg-8888/-/npm-pkg-8888-4.18.21.tgz",
      "version": "4.18.21"
    },
    "node_modules/npm-pkg-8905": {
      "integrity": "sha512-7ebf90b9971499b1873ddf1da305c5dd0f2f3e84e8a70de6",
      "resolved": "https://registry.npmjs.org/npm-pkg-8905/-/npm-pkg-8905-0.7.14.tgz",
      "version": "0.7.14"
    },
    "node_modules/npm-pkg-8961": {
      "integrity": "sha512-3a28f734d0a98f353816f6edc1c74bfea366bd5fd45cec3e",
      "resolved": "https://registry.npmjs.org/npm-pkg-8961/-/npm-pkg-8961-5.20.25.tgz",
      "version": "5.20.25"
    },
    "node_modules/npm-pkg-8977": {
      "integrity": "sha512-d5edd403bdf28fe5291f1c916c2ba1ad9b4286e98f489266",
      "resolved": "https://registry.npmjs.org/npm-pkg-8977/-/npm-pkg-8977-2.4.21.tgz",
      "version": "2.4.21"
    },
    "node_modules/npm-pkg-8992": {
      "integrity": "sha512-7543fe28b4d926d06ceff9456ff0283cf90fb8d8bd61b770",
      "resolved": "https://registry.npmjs.org/npm-pkg-8992/-/npm-pkg-8992-3.18.9.tgz",
      "version": "3.18.9"
    },
    "node_modules/npm-pkg-9061": {
      "integrity": "sha512-3a9475693f0198f8437b9070949588033d10230a11728783",
      "resolved": "https://registry.npmjs.org/npm-pkg-9061/-/npm-pkg-9061-0.5.21.tgz",
      "version": "0.5.21"
    },
    "node_modules/npm-pkg-9088": {
      "integrity": "sha512-843730ed0efec9b8c2efa250f83c742e889101df46ee6f2e",
      "resolved": "https://registry.npmjs.org/npm-pkg-9088/-/npm-pkg-9088-1.14.12.tgz",
      "version": "1.14.12"
    },
    "node_modules/npm-pkg-9221": {
      "integrity": "sha512-706a918b0a503438be745e9feef53924e92caa19db3d799a",
      "resolved": "https://registry.npmjs.org/npm-pkg-9221/-/npm-pkg-9221-2.6.18.tgz",
      "version": "2.6.18"
    },
    "node_modules/npm-pkg-9330": {
      "integrity": "sha512-e1e5c754551cf1cd5dcd0ea8f8b176f429c118c4af04f983",
      "resolved": "https://registry.npmjs.org/npm-pkg-9330/-/npm-pkg-9330-3.11.0.tgz",
      "version": "3.11.0"
    },
    "node_modules/npm-pkg-9381": {
      "integrity": "sha512-76ab0dee3ffeda4fbb6d87c7db9264dd80455a1f50c11ffa",
      "resolved": "https://registry.npmjs.org/npm-pkg-9381/-/npm-pkg-9381-0.19.25.tgz",
      "version": "0.19.25"
    },
    "node_modules/npm-pkg-9384": {
      "integrity": "sha512-486c10019deb510242934d82cf79a87b76824c9df50aa28a",
      "resolved": "https://registry.npmjs.org/npm-pkg-9384/-/npm-pkg-9384-3.11.26.tgz",
      "version": "3.11.26"
    },
    "node_modules/npm-pkg-9477": {
      "integrity": "sha512-e5b47468c0ca361fe41810efe0a99b5fb47e0548f636642d",
      "resolved": "https://registry.npmjs.org/npm-pkg-9477/-/npm-pkg-9477-2.7.23.tgz",
      "version": "2.7.23"
    },
    "node_modules/npm-pkg-9503": {
      "integrity": "sha512-a8333f2ef3b4ac045b58e6e2b76bbeac68f92aae16f8b3d3",
      "resolved": "https://registry.npmjs.org/npm-pkg-9503/-/npm-pkg-9503-3.19.28.tgz",
      "version": "3.19.28"
    },
    "node_modules/npm-pkg-9783": {
      "integrity": "sha512-d30dc86073df326dafbd572e873bff067d4ef0a79e4164ed",
      "resolved": "https://registry.npmjs.org/npm-pkg-9783/-/npm-pkg-9783-1.15.18.tgz",
      "version": "1.15.18"
    },
    "node_modules/npm-pkg-9836": {
      "integrity": "sha512-d755623f39fcfa8c433bf4abc6dcc013b0cdeac977843239",
      "resolved": "https://registry.npmjs.org/npm-pkg-9836/-/npm-pkg-9836-3.9.8.tgz",
      "version": "3.9.8"
    },
    "node_modules/npm-pkg-9942": {
      "integrity": "sha512-bfbb8033b34059a47b037b27c28ab48a78942df6bceb5e86",
      "resolved": "https://registry.npmjs.org/npm-pkg-9942/-/npm-pkg-9942-4.4.23.tgz",
      "version": "4.4.23"
    }
  },
  "requires": true,
  "version": "0.1.0"
}