{
  "dependencies": {
    "npm-pkg-1196": {
      "version": "3.0.1"
    },
    "npm-pkg-1298": {
      "version": "0.16.15"
    },
    "npm-pkg-1807": {
      "version": "2.17.12"
    },
    "npm-pkg-2081": {
      "version": "5.15.23"
    },
    "npm-pkg-3683": {
      "version": "4.5.22"
    },
    "npm-pkg-3995": {
      "version": "2.15.6"
    },
    "npm-pkg-4035": {
      "version": "2.19.11"
    },
    "npm-pkg-4378": {
      "version": "4.19.4"
    },
    "npm-pkg-5049": {
      "version": "2.1.14"
    },
    "npm-pkg-5070": {
      "version": "0.9.22"
    },
    "npm-pkg-5226": {
      "version": "4.16.23"
    },
    "npm-pkg-548": {
      "version": "0.20.2"
    },
    "npm-pkg-5795": {
      "version": "2.11.14"
    },
    "npm-pkg-5828": {
      "version": "4.10.29"
    },
    "npm-pkg-5905": {
      "version": "5.6.30"
    },
    "npm-pkg-6028": {
      "version": "4.8.16"
    },
    "npm-pkg-6738": {
      "version": "2.17.24"
    },
    "npm-pkg-6955": {
      "version": "3.16.27"
    },
    "npm-pkg-7045": {
      "version": "2.4.1"
    },
    "npm-pkg-7328": {
      "version": "5.2.7"
    },
    "npm-pkg-7797": {
      "version": "0.11.13"
    },
    "npm-pkg-7951": {
      "version": "3.16.8"
    },
    "npm-pkg-8197": {
      "version": "5.11.3"
    },
    "npm-pkg-824": {
      "version": "1.11.1"
    },
    "npm-pkg-8255": {
      "version": "1.15.10"
    },
    "npm-pkg-8292": {
      "version": "5.0.16"
    },
    "npm-pkg-856": {
      "version": "5.11.15"
    },
    "npm-pkg-9005": {
      "version": "0.17.23"
    },
    "npm-pkg-9336": {
      "version": "2.2.16"
    },
    "npm-pkg-939": {
      "version": "5.19.28"
    }
  },
  "lockfileVersion": 3,
  "name": "demo-app",
  "packages": {
    "": {
      "dependencies": {
        "npm-pkg-1196": "3.0.1",
        "npm-pkg-1298": "0.16.15",
        "npm-pkg-1807": "2.17.12",
        "npm-pkg-2081": "5.15.23",
        "npm-pkg-3683": "4.5.22",
        "npm-pkg-3995": "2.15.6",
        "npm-pkg-4035": "2.19.11",
        "npm-pkg-4378": "4.19.4",
        "npm-pkg-5049": "2.1.14",
        "npm-pkg-5070": "0.9.22",
        "npm-pkg-5226": "4.16.23",
        "npm-pkg-548": "0.20.2",
        "npm-pkg-5795": "2.11.14",
        "npm-pkg-5828": "4.10.29",
        "npm-pkg-5905": "5.6.30",
        "npm-pkg-6028": "4.8.16",
        "npm-pkg-6738": "2.17.24",
        "npm-pkg-6955": "3.16.27",
        "npm-pkg-7045": "2.4.1",
        "npm-pkg-7328": "5.2.7",
        "npm-pkg-7797": "0.11.13",
        "npm-pkg-7951": "3.16.8",
        "npm-pkg-8197": "5.11.3",
        "npm-pkg-824": "1.11.1",
        "npm-pkg-8255": "1.15.10",
        "npm-pkg-8292": "5.0.16",
        "npm-pkg-856": "5.11.15",
        "npm-pkg-9005": "0.17.23",
        "npm-pkg-9336": "2.2.16",
        "npm-pkg-939": "5.19.28"
      },
      "name": "demo-app",
      "version": "0.1.0"
    },
    "node_modules/axios": {
      "integrity": "sha512-8e4cefabf603ca2d9d1d0b8ec03ab31cb32ed5d2eb7df764",
      "resolved": "https://registry.npmjs.org/axios/-/axios-5.5.24.tgz",
      "version": "5.5.24"
    },
    "node_modules/debug": {
      "integrity": "sha512-779f9d46dd5e3b7ebb9c28c92b70d2a47f9790d42202e24d",
      "resolved": "https://registry.npmjs.org/debug/-/debug-3.20.12.tgz",
      "version": "3.20.12"
    },
    "node_modules/express": {
      "integrity": "sha512-922f48a2c777307c6a9a139d597c7289b1e85568c1b2cae3",
      "resolved": "https://registry.npmjs.org/express/-/express-2.9.12.tgz",
      "version": "2.9.12"
    },
    "node_modules/lodash": {
      "integrity": "sha512-66f1c4d4dc74458c1df1c4f11c4c5875a50d4fc6b6e16d3b",
      "resolved": "https://registry.npmjs.org/lodash/-/lodash-4.17.22.tgz",
      "version": "4.17.22"
    },
    "node_modules/npm-pkg-1066": {
      "integrity": "sha512-0bd415700fbfae4439518dc65195322c1ac6726a7ec38da9",
      "resolved": "https://registry.npmjs.org/npm-pkg-1066/-/npm-pkg-1066-2.8.20.tgz",
      "version": "2.8.20"
    },
    "node_modules/npm-pkg-1098": {
      "integrity": "sha512-5938c1f43bad18c20f54264d33ddb96b16f54eefda1cbc4e",
      "resolved": "https://registry.npmjs.org/npm-pkg-1098/-/npm-pkg-1098-4.5.25.tgz",
      "version": "4.5.25"
    },
    "node_modules/npm-pkg-1130": {
      "integrity": "sha512-71240946a1c6eb344d775b63898ecb37f5ffbc9638c8f8dc",
      "resolved": "https://registry.npmjs.org/npm-pkg-1130/-/npm-pkg-1130-4.10.11.tgz",
      "version": "4.10.11"
    },
    "node_modules/npm-pkg-1152": {
      "integrity": "sha512-963419c19a434ea8891b85be612111f9592ed4fe31ec7819",
      "resolved": "https://registry.npmjs.org/npm-pkg-1152/-/npm-pkg-1152-0.6.22.tgz",
      "version": "0.6.22"
    },
    "node_modules/npm-pkg-1171": {
      "integrity": "sha512-e137364775f4abc50453541ecfaa0088152b470e8050cb08",
      "resolved": "https://registry.npmjs.org/npm-pkg-1171/-/npm-pkg-1171-1.3.30.tgz",
      "version": "1.3.30"
    },
    "node_modules/npm-pkg-1196": {
      "integrity": "sha512-cf859858bc28a6f8fd6a47ef6a66fe8d16c115752b0e4633",
      "resolved": "https://registry.npmjs.org/npm-pkg-1196/-/npm-pkg-1196-3.0.1.tgz",
      "version": "3.0.1"
    },
    "node_modules/npm-pkg-1214": {
      "integrity": "sha512-f052add4cd8f9b58785a5809c2b1724346b1f382c618bf7f",
      "resolved": "https://registry.npmjs.org/npm-pkg-1214/-/npm-pkg-1214-4.3.18.tgz",
      "version": "4.3.18"
    },
    "node_modules/npm-pkg-1218": {
      "integrity": "sha512-d2d866f374feb76e5a4453dbd18d3773b11c67d956db5554",
      "resolved": "https://registry.npmjs.org/npm-pkg-1218/-/npm-pkg-1218-1.8.3.tgz",
      "version": "1.8.3"
    },
    "node_modules/npm-pkg-1222": {
      "integrity": "sha512-20071966efaad58b66801f111756f8f2a0cc60e9777d903d",
      "resolved": "https://registry.npmjs.org/npm-pkg-1222/-/npm-pkg-1222-5.5.7.tgz",
      "version": "5.5.7"
    },
    "node_modules/npm-pkg-1270": {
      "integrity": "sha512-3f882d55a5b3c9e5276c81029d2b2912786bf25d3dae6cd5",
      "resolved": "https://registry.npmjs.org/npm-pkg-1270/-/npm-pkg-1270-2.12.8.tgz",
      "version": "2.12.8"
    },
    "node_modules/npm-pkg-1298": {
      "integrity": "sha512-995005da860e097379071b1951a2aa0532a1d976cb42168b",
      "resolved": "https://registry.npmjs.org/npm-pkg-1298/-/npm-pkg-1298-0.16.15.tgz",
      "version": "0.16.15"
    },
    "node_modules/npm-pkg-1402": {
      "integrity": "sha512-0f3c21d1404fb9d71fc5fc260a8ed427bc86e1290fbbd2e5",
      "resolved": "https://registry.npmjs.org/npm-pkg-1402/-/npm-pkg-1402-4.9.12.tgz",
      "version": "4.9.12"
    },
    "node_modules/npm-pkg-1487": {
      "integrity": "sha512-c2760c575622a038d89dd970dde30f4029dd9af7e6107c69",
      "resolved": "https://registry.npmjs.org/npm-pkg-1487/-/npm-pkg-1487-5.16.6.tgz",
      "version": "5.16.6"
    },
    "node_modules/npm-pkg-1562": {
      "integrity": "sha512-a4ad39f20313f35086eecfdb60605e57a1fc7b2e54bc2665",
      "resolved": "https://registry.npmjs.org/npm-pkg-1562/-/npm-pkg-1562-0.7.4.tgz",
      "version": "0.7.4"
    },
    "node_modules/npm-pkg-1600": {
      "integrity": "sha512-e1d5c6dd7f7db559f6a3f8fccef1773d151dfea42325de38",
      "resolved": "https://registry.npmjs.org/npm-pkg-1600/-/npm-pkg-1600-5.4.3.tgz",
      "version": "5.4.3"
    },
    "node_modules/npm-pkg-1607": {
      "integrity": "sha512-d117b72838f657c655883bfe046905c6f8678f8ae46d5ed7",
      "resolved": "https://registry.npmjs.org/npm-pkg-1607/-/npm-pkg-1607-0.12.16.tgz",
      "version": "0.12.16"
    },
    "node_modules/npm-pkg-169": {
      "integrity": "sha512-e402753d92832479cf00a4dbfe2f16909851b06d93fe8ec9",
      "resolved": "https://registry.npmjs.org/npm-pkg-169/-/npm-pkg-169-2.4.27.tgz",
      "version": "2.4.27"
    },
    "node_modules/npm-pkg-1807": {
      "integrity": "sha512-65648c65d410e7e279fa72b1acc5e6a9eb29c0fce990eb80",
      "resolved": "https://registry.npmjs.org/npm-pkg-1807/-/npm-pkg-1807-2.17.12.tgz",
      "version": "2.17.12"
    },
    "node_modules/npm-pkg-1982": {
      "integrity": "sha512-6945d438f283fe0b631581788757ce9ac63052e3b5c4eb35",
      "resolved": "https://registry.npmjs.org/npm-pkg-1982/-/npm-pkg-1982-3.20.22.tgz",
      "version": "3.20.22"
    },
    "node_modules/npm-pkg-2081": {
      "integrity": "sha512-37abbc94fa352fc1b64f81aa736d19c46bb7e8fa5755845c",
      "resolved": "https://registry.npmjs.org/npm-pkg-2081/-/npm-pkg-2081-5.15.23.tgz",
      "version": "5.15.23"
    },
    "node_modules/npm-pkg-2125": {
      "integrity": "sha512-3e1b1211c911864fe1c51387d4f1c944f5d4854d061fda8d",
      "resolved": "https://registry.npmjs.org/npm-pkg-2125/-/npm-pkg-2125-1.9.20.tgz",
      "version": "1.9.20"
    },
    "node_modules/npm-pkg-2143": {
      "integrity": "sha512-7bb8e1ca1fb8bdbdb81f4bc38a95132b11b699edd143b9a1",
      "resolved": "https://registry.npmjs.org/npm-pkg-2143/-/npm-pkg-2143-2.13.4.tgz",
      "version": "2.13.4"
    },
    "node_modules/npm-pkg-2290": {
      "integrity": "sha512-08d9e19dc09c2245c46bce9933fa46ca115ce7b57d99383b",
      "resolved": "https://registry.npmjs.org/npm-pkg-2290/-/npm-pkg-2290-0.15.29.tgz",
      "version": "0.15.29"
    },
    "node_modules/npm-pkg-2357": {
      "integrity": "sha512-745ae4eab8e48e2e2fc6f2486a75f5c3d786d946c5874b52",
      "resolved": "https://registry.npmjs.org/npm-pkg-2357/-/npm-pkg-2357-5.9.21.tgz",
      "version": "5.9.21"
    },
    "node_modules/npm-pkg-2394": {
      "integrity": "sha512-235222a2d54befb00ab5d1faec81affc4be5a119865e384e",
      "resolved": "https://registry.npmjs.org/npm-pkg-2394/-/npm-pkg-2394-3.20.5.tgz",
      "version": "3.20.5"
    },
    "node_modules/npm-pkg-2502": {
      "integrity": "sha512-778428171f156df7703b70268df55cf3fffb864fd1d66810",
      "resolved": "https://registry.npmjs.org/npm-pkg-2502/-/npm-pkg-2502-0.0.6.tgz",
      "version": "0.0.6"
    },
    "node_modules/npm-pkg-2503": {
      "integrity": "sha512-6ec7d42ac604b29d3dc21fa5f4bf48118b9924a663d66e76",
      "resolved": "https://registry.npmjs.org/npm-pkg-2503/-/npm-pkg-2503-4.12.22.tgz",
      "version": "4.12.22"
    },
    "node_modules/npm-pkg-2511": {
      "integrity": "sha512-0fbc6708da7693c168dadc51e71d6b240be73398cd285323",
      "resolved": "https://registry.npmjs.org/npm-pkg-2511/-/npm-pkg-2511-1.2.22.tgz",
      "version": "1.2.22"
    },
    "node_modules/npm-pkg-2529": {
      "integrity": "sha512-8c71dbe370c831c3b30263ad3fcce1481a604fa381244eac",
      "resolved": "https://registry.npmjs.org/npm-pkg-2529/-/npm-pkg-2529-4.17.12.tgz",
      "version": "4.17.12"
    },
    "node_modules/npm-pkg-2613": {
      "integrity": "sha512-7f34f1b748eef58795fa2ddf2d846753d946d81ad94fa56d",
      "resolved": "https://registry.npmjs.org/npm-pkg-2613/-/npm-pkg-2613-4.20.29.tgz",
      "version": "4.20.29"
    },
    "node_modules/npm-pkg-2614": {
      "integrity": "sha512-f637a5964c24e52a6684a012a075825e42c8757909b459b6",
      "resolved": "https://registry.npmjs.org/npm-pkg-2614/-/npm-pkg-2614-4.18.20.tgz",
      "version": "4.18.20"
    },
    "node_modules/npm-pkg-2660": {
      "integrity": "sha512-2547fe04a38912b4d16b0e8a4f7b4ccf263319895bc5dffa",
      "resolved": "https://registry.npmjs.org/npm-pkg-2660/-/npm-pkg-2660-1.7.20.tgz",
      "version": "1.7.20"
    },
    "node_modules/npm-pkg-2746": {
      "integrity": "sha512-db8e9d9dc36571bc63a16e081cb36ca801c1d461d119b67f",
      "resolved": "https://registry.npmjs.org/npm-pkg-2746/-/npm-pkg-2746-0.5.13.tgz",
      "version": "0.5.13"
    },
    "node_modules/npm-pkg-2753": {
      "integrity": "sha512-68207232ebc9070fdb5485e80013b2f9d5b1330930374120",
      "resolved": "https://registry.npmjs.org/npm-pkg-2753/-/npm-pkg-2753-5.5.12.tgz",
      "version": "5.5.12"
    },
    "node_modules/npm-pkg-2765": {
      "integrity": "sha512-1ab72ebd5e9cdc7109c815b1c32fb9595a69de98e2508a67",
      "resolved": "https://registry.npmjs.org/npm-pkg-2765/-/npm-pkg-2765-3.18.0.tgz",
      "version": "3.18.0"
    },
    "node_modules/npm-pkg-2775": {
      "integrity": "sha512-5ebdd517e86a18f3aefa8e2fd5028aa4d792ee00cdbe0b82",
      "resolved": "https://registry.npmjs.org/npm-pkg-2775/-/npm-pkg-2775-4.12.1.tgz",
      "version": "4.12.1"
    },
    "node_modules/npm-pkg-2788": {
      "integrity": "sha512-2d7f855f6350ea7ba6215bd157f0dc51cc38e42ed5c857d4",
      "resolved": "https://registry.npmjs.org/npm-pkg-2788/-/npm-pkg-2788-2.2.6.tgz",
      "version": "2.2.6"
    },
    "node_modules/npm-pkg-2805": {
      "integrity": "sha512-0e6e9f46eed6bb9f1d9d92acddddce083cb8dec97bba0714",
      "resolved": "https://registry.npmjs.org/npm-pkg-2805/-/npm-pkg-2805-0.16.4.tgz",
      "version": "0.16.4"
    },
    "node_modules/npm-pkg-2826": {
      "integrity": "sha512-1ed3fd92bee63768a8197c39f3e5e023e588d58f8f38dfe5",
      "resolved": "https://registry.npmjs.org/npm-pkg-2826/-/npm-pkg-2826-1.7.16.tgz",
      "version": "1.7.16"
    },
    "node_modules/npm-pkg-2922": {
      "integrity": "sha512-1d03b6e2376b44e937fbf28310ccf48d2441ad335f6fba04",
      "resolved": "https://registry.npmjs.org/npm-pkg-2922/-/npm-pkg-2922-1.13.0.tgz",
      "version": "1.13.0"
    },
    "node_modules/npm-pkg-2993": {
      "integrity": "sha512-48691be4c6feea8ae49202d7fe8844a04a3cb994ce66f2b1",
      "resolved": "https://registry.npmjs.org/npm-pkg-2993/-/npm-pkg-2993-2.10.24.tgz",
      "version": "2.10.24"
    },
    "node_modules/npm-pkg-3094": {
      "integrity": "sha512-9ed4b271249ff8d6928642de6a42b4177db29480c88f002a",
      "resolved": "https://registry.npmjs.org/npm-pkg-3094/-/npm-pkg-3094-3.12.10.tgz",
      "version": "3.12.10"
    },
    "node_modules/npm-pkg-3154": {
      "integrity": "sha512-225de628d4d7e342155e30d5d13ac7e404197e2b26e040ee",
      "resolved": "https://registry.npmjs.org/npm-pkg-3154/-/npm-pkg-3154-0.11.5.tgz",
      "version": "0.11.5"
    },
    "node_modules/npm-pkg-3164": {
      "integrity": "sha512-5312bd744ed3600b249d9927a9801e932d1119bcb37f3fa0",
      "resolved": "https://registry.npmjs.org/npm-pkg-3164/-/npm-pkg-3164-1.10.29.tgz",
      "version": "1.10.29"
    },
    "node_modules/npm-pkg-3168": {
      "integrity": "sha512-5e6bb98c477ac1ca50868fabd1dbf6980e366e3d4ba2e440",
      "resolved": "https://registry.npmjs.org/npm-pkg-3168/-/npm-pkg-3168-0.19.26.tgz",
      "version": "0.19.26"
    },
    "node_modules/npm-pkg-3181": {
      "integrity": "sha512-1dda4e30b103387f2dae509dc0e1e59b64c821e1df5a55a9",
      "resolved": "https://registry.npmjs.org/npm-pkg-3181/-/npm-pkg-3181-4.8.20.tgz",
      "version": "4.8.20"
    },
    "node_modules/npm-pkg-3187": {
      "integrity": "sha512-5a8c13f895560e62ac61f3fbdfcb0ee080d489ebef157509",
      "resolved": "https://registry.npmjs.org/npm-pkg-3187/-/npm-pkg-3187-5.13.30.tgz",
      "version": "5.13.30"
    },
    "node_modules/npm-pkg-3292": {
      "integrity": "sha512-60284c654592e22905c467bf05eec5671f4d305d1e438188",
      "resolved": "https://registry.npmjs.org/npm-pkg-3292/-/npm-pkg-3292-4.10.8.tgz",
      "version": "4.10.8"
    },
    "node_modules/npm-pkg-3356": {
      "integrity": "sha512-843b6991d629d83fe66056e6378d1bc684f9456bf95816d0",
      "resolved": "https://registry.npmjs.org/npm-pkg-3356/-/npm-pkg-3356-1.5.4.tgz",
      "version": "1.5.4"
    },
    "node_modules/npm-pkg-3404": {
      "integrity": "sha512-71221dc6665f20a50d0edffb64a5252636ecd44cfc006f9d",
      "resolved": "https://registry.npmjs.org/npm-pkg-3404/-/npm-pkg-3404-2.15.16.tgz",
      "version": "2.15.16"
    },
    "node_modules/npm-pkg-3476": {
      "integrity": "sha512-bc86514ae68137f39deb0dcfbf76f7a5a8cb96e59215ca79",
      "resolved": "https://registry.npmjs.org/npm-pkg-3476/-/npm-pkg-3476-3.12.30.tgz",
      "version": "3.12.30"
    },
    "node_modules/npm-pkg-3507": {
      "integrity": "sha512-40ed13c64b621dd565ed155d225642058b4c75f4172688ac",
      "resolved": "https://registry.npmjs.org/npm-pkg-3507/-/npm-pkg-3507-5.7.6.tgz",
      "version": "5.7.6"
    },
    "node_modules/npm-pkg-3556": {
      "integrity": "sha512-e118d68ffb5122e1ff768b634ed3ad4b3c8ea7d43cfbace8",
      "resolved": "https://registry.npmjs.org/npm-pkg-3556/-/npm-pkg-3556-0.5.22.tgz",
      "version": "0.5.22"
    },
    "node_modules/npm-pkg-3559": {
      "integrity": "sha512-4b2ffcdac1ee947d0f223472816b107e37091130772df001",
      "resolved": "https://registry.npmjs.org/npm-pkg-3559/-/npm-pkg-3559-3.4.4.tgz",
      "version": "3.4.4"
    },
    "node_modules/npm-pkg-3581": {
      "integrity": "sha512-4058ae0bf1d00d79ef48bd2227d361844ead8d65aabcc57f",
      "resolved": "https://registry.npmjs.org/npm-pkg-3581/-/npm-pkg-3581-4.9.8.tgz",
      "version": "4.9.8"
    },
    "node_modules/npm-pkg-3599": {
      "integrity": "sha512-c352c9e821a2cefc142a34b484a83cff3551fea5c01a182c",
      "resolved": "https://registry.npmjs.org/npm-pkg-3599/-/npm-pkg-3599-3.11.8.tgz",
      "version": "3.11.8"
    },
    "node_modules/npm-pkg-361": {
      "integrity": "sha512-76cea643bb846d68d678df842eee3a52e635e64731260661",
      "resolved": "https://registry.npmjs.org/npm-pkg-361/-/npm-pkg-361-3.19.26.tgz",
      "version": "3.19.26"
    },
    "node_modules/npm-pkg-3631": {
      "integrity": "sha512-1559e0f1a0eb0d57ea6de519c2947b0c99abf74742c414ee",
      "resolved": "https://registry.npmjs.org/npm-pkg-3631/-/npm-pkg-3631-3.17.27.tgz",
      "version": "3.17.27"
    },
    "node_modules/npm-pkg-3662": {
      "integrity": "sha512-ad8e12470be7819e162ae4d49beba304d8547759cd305801",
      "resolved": "https://registry.npmjs.org/npm-pkg-3662/-/npm-pkg-3662-4.5.13.tgz",
      "version": "4.5.13"
    },
    "node_modules/npm-pkg-3665": {
      "integrity": "sha512-12e2490968c71997467229f271394c7fdfc3308eff1a8e4d",
      "resolved": "https://registry.npmjs.org/npm-pkg-3665/-/npm-pkg-3665-4.10.23.tgz",
      "version": "4.10.23"
    },
    "node_modules/npm-pkg-3683": {
      "integrity": "sha512-73b01a17ca27855d2dcc7b13b1d9dac8a633bb08cb5ec7b3",
      "resolved": "https://registry.npmjs.org/npm-pkg-3683/-/npm-pkg-3683-4.5.22.tgz",
      "version": "4.5.22"
    },
    "node_modules/npm-pkg-3765": {
      "integrity": "sha512-785f83685b63306b2c8ddd8b7ffd3ab7e04aa59c997a9ac9",
      "resolved": "https://registry.npmjs.org/npm-pkg-3765/-/npm-pkg-3765-2.8.28.tgz",
      "version": "2.8.28"
    },
    "node_modules/npm-pkg-3785": {
      "integrity": "sha512-f325654961d8d226b0ed8079711e8a918a235acf8fbe96a2",
      "resolved": "https://registry.npmjs.org/npm-pkg-3785/-/npm-pkg-3785-5.20.5.tgz",
      "version": "5.20.5"
    },
    "node_modules/npm-pkg-379": {
      "integrity": "sha512-05af77bcbd11ba7de18a4efce4b37521ed836b129cd44736",
      "resolved": "https://registry.npmjs.org/npm-pkg-379/-/npm-pkg-379-4.19.14.tgz",
      "version": "4.19.14"
    },
    "node_modules/npm-pkg-38": {
      "integrity": "sha512-d6821e78fa534116bd4c3226e9fcbe2cb551b846dc2ece34",
      "resolved": "https://registry.npmjs.org/npm-pkg-38/-/npm-pkg-38-0.7.25.tgz",
      "version": "0.7.25"
    },
    "node_modules/npm-pkg-3846": {
      "integrity": "sha512-f67102fadcea20dad1e3a65bcd39379df736214ab0a76ea0",
      "resolved": "https://registry.npmjs.org/npm-pkg-3846/-/npm-pkg-3846-5.15.20.tgz",
      "version": "5.15.20"
    },
    "node_modules/npm-pkg-3935": {
      "integrity": "sha512-b1da0cf3095fb6a17e4e2e24853e4a8437e8f8fd40efa7ec",
      "resolved": "https://registry.npmjs.org/npm-pkg-3935/-/npm-pkg-3935-0.7.10.tgz",
      "version": "0.7.10"
    },
    "node_modules/npm-pkg-3953": {
      "integrity": "sha512-2bab6db44d87f4bcb4c30342abc8f0b8463d6b23d9cc5112",
      "resolved": "https://registry.npmjs.org/npm-pkg-3953/-/npm-pkg-3953-4.14.0.tgz",
      "version": "4.14.0"
    },
    "node_modules/npm-pkg-3956": {
      "integrity": "sha512-449954abe74257f8c1fd4fcaca3ba847c8ba7f8a01f0ccd0",
      "resolved": "https://registry.npmjs.org/npm-pkg-3956/-/npm-pkg-3956-5.4.11.tgz",
      "version": "5.4.11"
    },
    "node_modules/npm-pkg-3989": {
      "integrity": "sha512-4e06f02f978d97d0dee65e7fe68e46e18f8634faa84e14da",
      "resolved": "https://registry.npmjs.org/npm-pkg-3989/-/npm-pkg-3989-4.6.15.tgz",
      "version": "4.6.15"
    },
    "node_modules/npm-pkg-3995": {
      "integrity": "sha512-9490ff65d8306ccd5abd7482b5633d05cde42646aeb2fac2",
      "resolved": "https://registry.npmjs.org/npm-pkg-3995/-/npm-pkg-3995-2.15.6.tgz",
      "version": "2.15.6"
    },
    "node_modules/npm-pkg-4035": {
      "integrity": "sha512-f44e2291efbf534fe208c065187248212449621b431f37df",
      "resolved": "https://registry.npmjs.org/npm-pkg-4035/-/npm-pkg-4035-2.19.11.tgz",
      "version": "2.19.11"
    },
    "node_modules/npm-pkg-4171": {
      "integrity": "sha512-23802ba9c4ceae694282246f7dc2bddc2c31185989040d93",
      "resolved": "https://registry.npmjs.org/npm-pkg-4171/-/npm-pkg-4171-0.17.0.tgz",
      "version": "0.17.0"
    },
    "node_modules/npm-pkg-420": {
      "integrity": "sha512-51e3c37acfd0f170901c726f99dc2b70ba5b079baf26b644",
      "resolved": "https://registry.npmjs.org/npm-pkg-420/-/npm-pkg-420-3.17.13.tgz",
      "version": "3.17.13"
    },
    "node_modules/npm-pkg-4378": {
      "integrity": "sha512-82a56f6c65af2f8530e85aaafdf2ff8e1c5c0493d633643d",
      "resolved": "https://registry.npmjs.org/npm-pkg-4378/-/npm-pkg-4378-4.19.4.tgz",
      "version": "4.19.4"
    },
    "node_modules/npm-pkg-4424": {
      "integrity": "sha512-4b60728b1d8faab5efc8d7d9b3ee810d7c6345ac02801a30",
      "resolved": "https://registry.npmjs.org/npm-pkg-4424/-/npm-pkg-4424-2.15.22.tgz",
      "version": "2.15.22"
    },
    "node_modules/npm-pkg-4510": {
      "integrity": "sha512-4835af19b3fe00c83bdf8f2be30a6b3f093ef473f1171947",
      "resolved": "https://registry.npmjs.org/npm-pkg-4510/-/npm-pkg-4510-3.16.26.tgz",
      "version": "3.16.26"
    },
    "node_modules/npm-pkg-4577": {
      "integrity": "sha512-3a69fff4446d395ec871d9e5846f95c7c7679fbc88c50ec6",
      "resolved": "https://registry.npmjs.org/npm-pkg-4577/-/npm-pkg-4577-4.7.20.tgz",
      "version": "4.7.20"
    },
    "node_modules/npm-pkg-4612": {
      "integrity": "sha512-f68c899ebff9040b374af1227ea6e6ab5261e29226bd992b",
      "resolved": "https://registry.npmjs.org/npm-pkg-4612/-/npm-pkg-4612-0.5.1.tgz",
      "version": "0.5.1"
    },
    "node_modules/npm-pkg-4669": {
      "integrity": "sha512-e4cd74d5876a636597a4df34b635228634c0ef6739e86ba3",
      "resolved": "https://registry.npmjs.org/npm-pkg-4669/-/npm-pkg-4669-1.14.23.tgz",
      "version": "1.14.23"
    },
    "node_modules/npm-pkg-4915": {
      "integrity": "sha512-7c79da23c533c354315d178b27b79ea8442d79769be5d6c0",
      "resolved": "https://registry.npmjs.org/npm-pkg-4915/-/npm-pkg-4915-1.10.4.tgz",
      "version": "1.10.4"
    },
    "node_modules/npm-pkg-498": {
      "integrity": "sha512-4b481e13cd9a039d16b37aad609846ee172ec620ffc0c8a7",
      "resolved": "https://registry.npmjs.org/npm-pkg-498/-/npm-pkg-498-0.12.6.tgz",
      "version": "0.12.6"
    },
    "node_modules/npm-pkg-4994": {
      "integrity": "sha512-7029c91662e5982be7b614f6b52b0217fc8d2bd9012e5217",
      "resolved": "https://registry.npmjs.org/npm-pkg-4994/-/npm-pkg-4994-1.8.30.tgz",
      "version": "1.8.30"
    },
    "node_modules/npm-pkg-5018": {
      "integrity": "sha512-c50736655e9bc1fd2783c96492a77919db4c8463cb0e0475",
      "resolved": "https://registry.npmjs.org/npm-pkg-5018/-/npm-pkg-5018-5.5.25.tgz",
      "version": "5.5.25"
    },
    "node_modules/npm-pkg-5049": {
      "integrity": "sha512-04b56b773c834201723e9b93be4b24f5895393f0de9e6677",
      "resolved": "https://registry.npmjs.org/npm-pkg-5049/-/npm-pkg-5049-2.1.14.tgz",
      "version": "2.1.14"
    },
    "node_modules/npm-pkg-506": {
      "integrity": "sha512-2eb2f91234d4c63c0fb8b03697d2ad0da30d55790e81c82f",
      "resolved": "https://registry.npmjs.org/npm-pkg-506/-/npm-pkg-506-5.7.11.tgz",
      "version": "5.7.11"
    },
    "node_modules/npm-pkg-5070": {
      "integrity": "sha512-99e0f22d31f33236770589f85f6c6f92b0accf59c75e80a7",
      "resolved": "https://registry.npmjs.org/npm-pkg-5070/-/npm-pkg-5070-0.9.22.tgz",
      "version": "0.9.22"
    },
    "node_modules/npm-pkg-5192": {
      "integrity": "sha512-eb7f6ff88725dda26afaa8fc7a256fb2a17605e0ec91e1d3",
      "resolved": "https://registry.npmjs.org/npm-pkg-5192/-/npm-pkg-5192-2.4.16.tgz",
      "version": "2.4.16"
    },
    "node_modules/npm-pkg-5225": {
      "integrity": "sha512-f8e08be8960c3ee717bd6711177450d8c7f26f19ca608001",
      "resolved": "https://registry.npmjs.org/npm-pkg-5225/-/npm-pkg-5225-4.11.8.tgz",
      "version": "4.11.8"
    },
    "node_modules/npm-pkg-5226": {
      "integrity": "sha512-a6237a894b19df7be2935476d38ddc1294c2f86845f0365c",
      "resolved": "https://registry.npmjs.org/npm-pkg-5226/-/npm-pkg-5226-4.16.23.tgz",
      "version": "4.16.23"
    },
    "node_modules/npm-pkg-5262": {
      "integrity": "sha512-bfdcb0ba98e0748339465ee5ed0e38d6c57645ef285aade0",
      "resolved": "https://registry.npmjs.org/npm-pkg-5262/-/npm-pkg-5262-3.19.7.tgz",
      "version": "3.19.7"
    },
    "node_modules/npm-pkg-5464": {
      "integrity": "sha512-e0e52cfe21477b6ee7268d6dda2df66863bee3fb201bbac6",
      "resolved": "https://registry.npmjs.org/npm-pkg-5464/-/npm-pkg-5464-5.14.17.tgz",
      "version": "5.14.17"
    },
    "node_modules/npm-pkg-5477": {
      "integrity": "sha512-791eec341a27051b17385f93380e114eed801c0694298548",
      "resolved": "https://registry.npmjs.org/npm-pkg-5477/-/npm-pkg-5477-1.11.27.tgz",
      "version": "1.11.27"
    },
    "node_modules/npm-pkg-548": {
      "integrity": "sha512-ed85900e9200e5d0ed2f22d92b10063bf7b6b922cbd25539",
      "resolved": "https://registry.npmjs.org/npm-pkg-548/-/npm-pkg-548-0.20.2.tgz",
      "version": "0.20.2"
    },
    "node_modules/npm-pkg-551": {
      "integrity": "sha512-d70a29a6ed6edac3e3c307bee3f2b355fc100bc384793449",
      "resolved": "https://registry.npmjs.org/npm-pkg-551/-/npm-pkg-551-5.1.20.tgz",
      "version": "5.1.20"
    },
    "node_modules/npm-pkg-5540": {
      "integrity": "sha512-091721e871c0d9fe57017b47c2b17a92cd02ecf7c378dbaa",
      "resolved": "https://registry.npmjs.org/npm-pkg-5540/-/npm-pkg-5540-4.5.3.tgz",
      "version": "4.5.3"
    },
    "node_modules/npm-pkg-5792": {
      "integrity": "sha512-168a085e186a04c82d84894bbf03b9e34ff3950c49e5e1ea",
      "resolved": "https://registry.npmjs.org/npm-pkg-5792/-/npm-pkg-5792-4.17.2.tgz",
      "version": "4.17.2"
    },
    "node_modules/npm-pkg-5795": {
      "integrity": "sha512-0f13ba47bca38ea4a359b28bb5812761db8c4674cca23c49",
      "resolved": "https://registry.npmjs.org/npm-pkg-5795/-/npm-pkg-5795-2.11.14.tgz",
      "version": "2.11.14"
    },
    "node_modules/npm-pkg-5828": {
      "integrity": "sha512-366d6fbda1b06a1c6d5a7a739f91b3662e935044f27ad803",
      "resolved": "https://registry.npmjs.org/npm-pkg-5828/-/npm-pkg-5828-4.10.29.tgz",
      "version": "4.10.29"
    },
    "node_modules/npm-pkg-5905": {
      "integrity": "sha512-86b287bd9e31f554adc96460da2f01c0ecbb0c9ed0893fd4",
      "resolved": "https://registry.npmjs.org/npm-pkg-5905/-/npm-pkg-5905-5.6.30.tgz",
      "version": "5.6.30"
    },
    "node_modules/npm-pkg-5989": {
      "integrity": "sha512-8a7de822fb2f3d4eceb1fd961e753390b7b40cf0f9fd8ed2",
      "resolved": "https://registry.npmjs.org/npm-pkg-5989/-/npm-pkg-5989-2.19.5.tgz",
      "version": "2.19.5"
    },
    "node_modules/npm-pkg-6028": {
      "integrity": "sha512-25a89c0e9c99c6b94888ce5ba9a7de6320f42a0824f5bdc3",
      "resolved": "https://registry.npmjs.org/npm-pkg-6028/-/npm-pkg-6028-4.8.16.tgz",
      "version": "4.8.16"
    },
    "node_modules/npm-pkg-6046": {
      "integrity": "sha512-51c97ea7d9a26f8d5dd95357428424924576720107d11c2b",
      "resolved": "https://registry.npmjs.org/npm-pkg-6046/-/npm-pkg-6046-3.3.19.tgz",
      "version": "3.3.19"
    },
    "node_modules/npm-pkg-6051": {
      "integrity": "sha512-b1c67288fc17acb6b826ec4499acf4f663d76880ba322636",
      "resolved": "https://registry.npmjs.org/npm-pkg-6051/-/npm-pkg-6051-5.4.29.tgz",
      "version": "5.4.29"
    },
    "node_modules/npm-pkg-6124": {
      "integrity": "sha512-343ffd827b0b5f32dc0b9182da29ede21d6354ea62a1832f",
      "resolved": "https://registry.npmjs.org/npm-pkg-6124/-/npm-pkg-6124-3.16.4.tgz",
      "version": "3.16.4"
    },
    "node_modules/npm-pkg-6130": {
      "integrity": "sha512-d30b30b438e410fe68b7cf2b46d50a26580da32bccf2beea",
      "resolved": "https://registry.npmjs.org/npm-pkg-6130/-/npm-pkg-6130-3.19.13.tgz",
      "version": "3.19.13"
    },
    "node_modules/npm-pkg-632": {
      "integrity": "sha512-5c770da04e289cac3ef6439131073acd88f5bd1daebaa4ce",
      "resolved": "https://registry.npmjs.org/npm-pkg-632/-/npm-pkg-632-3.19.24.tgz",
      "version": "3.19.24"
    },
    "node_modules/npm-pkg-6391": {
      "integrity": "sha512-f9715dd3de8917dc4187aa5e259f4f176c5c4106f0da7c51",
      "resolved": "https://registry.npmjs.org/npm-pkg-6391/-/npm-pkg-6391-2.13.13.tgz",
      "version": "2.13.13"
    },
    "node_modules/npm-pkg-6461": {
      "integrity": "sha512-98ceb4e32fb3e1e2d6a34dbd3f323f266418a3f1e9e32ba5",
      "resolved": "https://registry.npmjs.org/npm-pkg-6461/-/npm-pkg-6461-0.16.21.tgz",
      "version": "0.16.21"
    },
    "node_modules/npm-pkg-6525": {
      "integrity": "sha512-7345fd3ceedbc1c73701fa8987d8f223a33fc15350ddfbc5",
      "resolved": "https://registry.npmjs.org/npm-pkg-6525/-/npm-pkg-6525-2.16.17.tgz",
      "version": "2.16.17"
    },
    "node_modules/npm-pkg-663": {
      "integrity": "sha512-e562b12985568c929c5430fa7e56017b4645227818ce3fc4",
      "resolved": "https://registry.npmjs.org/npm-pkg-663/-/npm-pkg-663-0.6.24.tgz",
      "version": "0.6.24"
    },
    "node_modules/npm-pkg-6697": {
      "integrity": "sha512-7e03d6e252dccf0e8dbd010d91ffdd27698c68207359c335",
      "resolved": "https://registry.npmjs.org/npm-pkg-6697/-/npm-pkg-6697-1.4.6.tgz",
      "version": "1.4.6"
    },
    "node_modules/npm-pkg-6707": {
      "integrity": "sha512-0b2db778e8d943a228754ba73d28a26b63a7211377f6c84d",
      "resolved": "https://registry.npmjs.org/npm-pkg-6707/-/npm-pkg-6707-3.12.6.tgz",
      "version": "3.12.6"
    },
    "node_modules/npm-pkg-6734": {
      "integrity": "sha512-b0fbd9d4e57a932b0e1a9bae5f286a95a1080c4e5dbea0fe",
      "resolved": "https://registry.npmjs.org/npm-pkg-6734/-/npm-pkg-6734-5.14.2.tgz",
      "version": "5.14.2"
    },
    "node_modules/npm-pkg-6738": {
      "integrity": "sha512-bcc333064224278b0f270d2bb00d41d4e366fb503a7e902c",
      "resolved": "https://registry.npmjs.org/npm-pkg-6738/-/npm-pkg-6738-2.17.24.tgz",
      "version": "2.17.24"
    },
    "node_modules/npm-pkg-6789": {
      "integrity": "sha512-4facc365a68dec3b10727b7444d9ba6d97daec9de0a286f4",
      "resolved": "https://registry.npmjs.org/npm-pkg-6789/-/npm-pkg-6789-0.16.9.tgz",
      "version": "0.16.9"
    },
    "node_modules/npm-pkg-6828": {
      "integrity": "sha512-c35c79b0d1efaa0822f7bb846c802366cc1c5a5ec950c4c3",
      "resolved": "https://registry.npmjs.org/npm-pkg-6828/-/npm-pkg-6828-0.2.26.tgz",
      "version": "0.2.26"
    },
    "node_modules/npm-pkg-6841": {
      "integrity": "sha512-adcaaa7936dfa5934097ee429182cbc449bdc94af0ae705e",
      "resolved": "https://registry.npmjs.org/npm-pkg-6841/-/npm-pkg-6841-1.15.19.tgz",
      "version": "1.15.19"
    },
    "node_modules/npm-pkg-686": {
      "integrity": "sha512-068d97ed26016b03ddbbb50c62d25cc3dc3fb6d3d7ef21b9",
      "resolved": "https://registry.npmjs.org/npm-pkg-686/-/npm-pkg-686-3.0.28.tgz",
      "version": "3.0.28"
    },
    "node_modules/npm-pkg-6916": {
      "integrity": "sha512-be99d207441c46c52d02aa10dec7df9f93476d1ca3936bf2",
      "resolved": "https://registry.npmjs.org/npm-pkg-6916/-/npm-pkg-6916-3.15.27.tgz",
      "version": "3.15.27"
    },
    "node_modules/npm-pkg-6955": {
      "integrity": "sha512-7ad95ece623dff205dc91e998380f09dba6082e09df6ea9d",
      "resolved": "https://registry.npmjs.org/npm-pkg-6955/-/npm-pkg-6955-3.16.27.tgz",
      "version": "3.16.27"
    },
    "node_modules/npm-pkg-6956": {
      "integrity": "sha512-1979a9505c1b802cdbca86bc58f9b34629bda64619062d20",
      "resolved": "https://registry.npmjs.org/npm-pkg-6956/-/npm-pkg-6956-1.3.19.tgz",
      "version": "1.3.19"
    },
    "node_modules/npm-pkg-6988": {
      "integrity": "sha512-1d5137b701bcd99568efce7741de98d74a19aa74b8466789",
      "resolved": "https://registry.npmjs.org/npm-pkg-6988/-/npm-pkg-6988-2.3.9.tgz",
      "version": "2.3.9"
    },
    "node_modules/npm-pkg-6997": {
      "integrity": "sha512-ef1a809b60e9922765561c723b822bc39a79d18a21ac02fe",
      "resolved": "https://registry.npmjs.org/npm-pkg-6997/-/npm-pkg-6997-2.19.22.tgz",
      "version": "2.19.22"
    },
    "node_modules/npm-pkg-7001": {
      "integrity": "sha512-af4a18b2c1d67048439ff8106d92b28b83201d7ecbdb5157",
      "resolved": "https://registry.npmjs.org/npm-pkg-7001/-/npm-pkg-7001-5.2.24.tgz",
      "version": "5.2.24"
    },
    "node_modules/npm-pkg-7042": {
      "integrity": "sha512-4f214b3e1cde9da0a7816a221decdb711f982540c63f95ec",
      "resolved": "https://registry.npmjs.org/npm-pkg-7042/-/npm-pkg-7042-5.6.27.tgz",
      "version": "5.6.27"
    },
    "node_modules/npm-pkg-7045": {
      "integrity": "sha512-dfc184f82227b459694b66845e10532bb94bfe6bc753d3af",
      "resolved": "https://registry.npmjs.org/npm-pkg-7045/-/npm-pkg-7045-2.4.1.tgz",
      "version": "2.4.1"
    },
    "node_modules/npm-pkg-705": {
      "integrity": "sha512-31710d10bf419672752e2dd37532c2293f277db536ceef5d",
      "resolved": "https://registry.npmjs.org/npm-pkg-705/-/npm-pkg-705-2.4.27.tgz",
      "version": "2.4.27"
    },
    "node_modules/npm-pkg-7056": {
      "integrity": "sha512-e9e87bb914cbb27842e4342b36d4270ee991c16035296069",
      "resolved": "https://registry.npmjs.org/npm-pkg-7056/-/npm-pkg-7056-1.13.10.tgz",
      "version": "1.13.10"
    },
    "node_modules/npm-pkg-7060": {
      "integrity": "sha512-768ef4bdbe2e08c52ae897c7bf02986c284fec9c753a3547",
      "resolved": "https://registry.npmjs.org/npm-pkg-7060/-/npm-pkg-7060-5.3.24.tgz",
      "version": "5.3.24"
    },
    "node_modules/npm-pkg-7062": {
      "integrity": "sha512-a4ee9fc15f46d8cadc35c1a344b3f947c06ae9bb00fc3e15",
      "resolved": "https://registry.npmjs.org/npm-pkg-7062/-/npm-pkg-7062-1.6.20.tgz",
      "version": "1.6.20"
    },
    "node_modules/npm-pkg-7071": {
      "integrity": "sha512-eed615f79a4fadfa76c26405efc39cfbf4fc9f9488d36015",
      "resolved": "https://registry.npmjs.org/npm-pkg-7071/-/npm-pkg-7071-3.8.25.tgz",
      "version": "3.8.25"
    },
    "node_modules/npm-pkg-712": {
      "integrity": "sha512-e4670ab8ac5543992ee52dde45099d8f96d58fcefc3552de",
      "resolved": "https://registry.npmjs.org/npm-pkg-712/-/npm-pkg-712-0.15.18.tgz",
      "version": "0.15.18"
    },
    "node_modules/npm-pkg-7168": {
      "integrity": "sha512-cff75cc7c9068961982e829588a04c74b75bfa5c1ace9c3c",
      "resolved": "https://registry.npmjs.org/npm-pkg-7168/-/npm-pkg-7168-2.17.10.tgz",
      "version": "2.17.10"
    },
    "node_modules/npm-pkg-720": {
      "integrity": "sha512-1514d89fe483b5b7765fd3d5c736b4d5d3dbb6ef1d5dd6d2",
      "resolved": "https://registry.npmjs.org/npm-pkg-720/-/npm-pkg-720-1.11.5.tgz",
      "version": "1.11.5"
    },
    "node_modules/npm-pkg-7202": {
      "integrity": "sha512-9bc85f44ecdacf44a979351e82d6906893bd3c1b8ed1cb48",
      "resolved": "https://registry.npmjs.org/npm-pkg-7202/-/npm-pkg-7202-1.11.26.tgz",
      "version": "1.11.26"
    },
    "node_modules/npm-pkg-7209": {
      "integrity": "sha512-129831695d9c95edb74094260ad1d990bfd880bd0ee10c99",
      "resolved": "https://registry.npmjs.org/npm-pkg-7209/-/npm-pkg-7209-0.18.6.tgz",
      "version": "0.18.6"
    },
    "node_modules/npm-pkg-7228": {
      "integrity": "sha512-f8f6faa6386734292b7b674d35546534ac8e94269e71aaea",
      "resolved": "https://registry.npmjs.org/npm-pkg-7228/-/npm-pkg-7228-1.8.9.tgz",
      "version": "1.8.9"
    },
    "node_modules/npm-pkg-7230": {
      "integrity": "sha512-d7eb086826524d9ef8bee660d2af1cac787f4212793a880e",
      "resolved": "https://registry.npmjs.org/npm-pkg-7230/-/npm-pkg-7230-0.15.14.tgz",
      "version": "0.15.14"
    },
    "node_modules/npm-pkg-7251": {
      "integrity": "sha512-160db7d9d641f8fc1b27808cf5789cabefeec8cd907735b2",
      "resolved": "https://registry.npmjs.org/npm-pkg-7251/-/npm-pkg-7251-5.9.16.tgz",
      "version": "5.9.16"
    },
    "node_modules/npm-pkg-7289": {
      "integrity": "sha512-cbddeea1f45107116ead2f95120c594a67accbe7ea3d33b9",
      "resolved": "https://registry.npmjs.org/npm-pkg-7289/-/npm-pkg-7289-3.19.2.tgz",
      "version": "3.19.2"
    },
    "node_modules/npm-pkg-7328": {
      "integrity": "sha512-f4e0f1552008ec2e54415398dde30374c3111a09413953df",
      "resolved": "https://registry.npmjs.org/npm-pkg-7328/-/npm-pkg-7328-5.2.7.tgz",
      "version": "5.2.7"
    },
    "node_modules/npm-pkg-7373": {
      "integrity": "sha512-e3bad60ba7c2e31218f7aad411095f6b8540150b650a14b2",
      "resolved": "https://registry.npmjs.org/npm-pkg-7373/-/npm-pkg-7373-2.13.25.tgz",
      "version": "2.13.25"
    },
    "node_modules/npm-pkg-7460": {
      "integrity": "sha512-33edc8dd0c94b5068a6fc03e6a08f47afb78e89fa394fea8",
      "resolved": "https://registry.npmjs.org/npm-pkg-7460/-/npm-pkg-7460-5.3.14.tgz",
      "version": "5.3.14"
    },
    "node_modules/npm-pkg-750": {
      "integrity": "sha512-f8a0f4338310d8a185a9a8e2b2c603e1378910996945f7d6",
      "resolved": "https://registry.npmjs.org/npm-pkg-750/-/npm-pkg-750-0.20.26.tgz",
      "version": "0.20.26"
    },
    "node_modules/npm-pkg-7546": {
      "integrity": "sha512-c87dac1d9386a455e703e494999f8906e6cfd68228f8f6f7",
      "resolved": "https://registry.npmjs.org/npm-pkg-7546/-/npm-pkg-7546-5.1.24.tgz",
      "version": "5.1.24"
    },
    "node_modules/npm-pkg-7573": {
      "integrity": "sha512-afbb60e2d7232bd1ea7c9c9f7509b1e26de31c78517cd9d3",
      "resolved": "https://registry.npmjs.org/npm-pkg-7573/-/npm-pkg-7573-3.0.19.tgz",
      "version": "3.0.19"
    },
    "node_modules/npm-pkg-7741": {
      "integrity": "sha512-fb24c0046c203f729cb8dd7e8f1791d49382155b55c51c43",
      "resolved": "https://registry.npmjs.org/npm-pkg-7741/-/npm-pkg-7741-0.11.12.tgz",
      "version": "0.11.12"
    },
    "node_modules/npm-pkg-7759": {
      "integrity": "sha512-bb5671adca42a1aa6c889f88d44747236fbc62eadd32665d",
      "resolved": "https://registry.npmjs.org/npm-pkg-7759/-/npm-pkg-7759-4.17.22.tgz",
      "version": "4.17.22"
    },
    "node_modules/npm-pkg-7776": {
      "integrity": "sha512-645cfa5a238999fd5f127fceaba164f3f63578bd28d2cb67",
      "resolved": "https://registry.npmjs.org/npm-pkg-7776/-/npm-pkg-7776-5.4.26.tgz",
      "version": "5.4.26"
    },
    "node_modules/npm-pkg-7797": {
      "integrity": "sha512-3015efc1d180cc9f4f7bac83d558a4d4e4d304b7ddd28246",
      "resolved": "https://registry.npmjs.org/npm-pkg-7797/-/npm-pkg-7797-0.11.13.tgz",
      "version": "0.11.13"
    },
    "node_modules/npm-pkg-7834": {
      "integrity": "sha512-eb69c942ec0d4eec6a173f73dc4d3054f63055576fae99c4",
      "resolved": "https://registry.npmjs.org/npm-pkg-7834/-/npm-pkg-7834-1.7.24.tgz",
      "version": "1.7.24"
    },
    "node_modules/npm-pkg-7889": {
      "integrity": "sha512-786a7516563ae38290f3adea9ab78944a81e19d6be81eec5",
      "resolved": "https://registry.npmjs.org/npm-pkg-7889/-/npm-pkg-7889-0.14.8.tgz",
      "version": "0.14.8"
    },
    "node_modules/npm-pkg-7894": {
      "integrity": "sha512-204f71991cdcdf46040fcad6eaa274af9eafad00556cd8d2",
      "resolved": "https://registry.npmjs.org/npm-pkg-7894/-/npm-pkg-7894-1.8.30.tgz",
      "version": "1.8.30"
    },
    "node_modules/npm-pkg-7917": {
      "integrity": "sha512-91db20b40ae477f1b8b8638d2cd641e38d6589c4672d8a4d",
      "resolved": "https://registry.npmjs.org/npm-pkg-7917/-/npm-pkg-7917-4.9.22.tgz",
      "version": "4.9.22"
    },
    "node_modules/npm-pkg-7931": {
      "integrity": "sha512-c75917376d11e3171b45bdb7d50f1a6f4bfa28d75373bcbb",
      "resolved": "https://registry.npmjs.org/npm-pkg-7931/-/npm-pkg-7931-3.19.13.tgz",
      "version": "3.19.13"
    },
    "node_modules/npm-pkg-7951": {
      "integrity": "sha512-eb98c7ac1a455bc1f705438590f8dcbb38bed62a0e8518fb",
      "resolved": "https://registry.npmjs.org/npm-pkg-7951/-/npm-pkg-7951-3.16.8.tgz",
      "version": "3.16.8"
    },
    "node_modules/npm-pkg-807": {
      "integrity": "sha512-9821cc3ad493ce607437ebb7f9b483f910edda54e3e821d0",
      "resolved": "https://registry.npmjs.org/npm-pkg-807/-/npm-pkg-807-0.9.24.tgz",
      "version": "0.9.24"
    },
    "node_modules/npm-pkg-8079": {
      "integrity": "sha512-4c4d60748ff15fa9acc8c1823c6eaef3f0a81751fdeb8f8d",
      "resolved": "https://registry.npmjs.org/npm-pkg-8079/-/npm-pkg-8079-3.0.3.tgz",
      "version": "3.0.3"
    },
    "node_modules/npm-pkg-8090": {
      "integrity": "sha512-fc2fce28c9b1b85820e1a39049c58da105609be3052ef165",
      "resolved": "https://registry.npmjs.org/npm-pkg-8090/-/npm-pkg-8090-0.20.29.tgz",
      "version": "0.20.29"
    },
    "node_modules/npm-pkg-8120": {
      "integrity": "sha512-4d5cb4594198e3518a63a811dc1c89bf16d11a0b29620bbd",
      "resolved": "https://registry.npmjs.org/npm-pkg-8120/-/npm-pkg-8120-1.12.12.tgz",
      "version": "1.12.12"
    },
    "node_modules/npm-pkg-8197": {
      "integrity": "sha512-323c4fe5fae2536d5a3daf2de00b051bfeeb547b22b5a666",
      "resolved": "https://registry.npmjs.org/npm-pkg-8197/-/npm-pkg-8197-5.11.3.tgz",
      "version": "5.11.3"
    },
    "node_modules/npm-pkg-824": {
      "integrity": "sha512-0de5d0a3f3faf578dfa56ddb0cc372eba729a795cda35650",
      "resolved": "https://registry.npmjs.org/npm-pkg-824/-/npm-pkg-824-1.11.1.tgz",
      "version": "1.11.1"
    },
    "node_modules/npm-pkg-8255": {
      "integrity": "sha512-91316c465173d3a1b544723ce44fa8d60d3944d73d1bba4e",
      "resolved": "https://registry.npmjs.org/npm-pkg-8255/-/npm-pkg-8255-1.15.10.tgz",
      "version": "1.15.10"
    },
    "node_modules/npm-pkg-827": {
      "integrity": "sha512-74f304d28d9d9c14a513270ed530f03236a634c5981f82de",
      "resolved": "https://registry.npmjs.org/npm-pkg-827/-/npm-pkg-827-5.15.22.tgz",
      "version": "5.15.22"
    },
    "node_modules/npm-pkg-8292": {
      "integrity": "sha512-09bbfd3c4d0b9900db641ce97f49dc0cd2ab10c635687dac",
      "resolved": "https://registry.npmjs.org/npm-pkg-8292/-/npm-pkg-8292-5.0.16.tgz",
      "version": "5.0.16"
    },
    "node_modules/npm-pkg-8320": {
      "integrity": "sha512-fe145d38862723fda1c67639247f095b8b9bbfb1b56192d3",
      "resolved": "https://registry.npmjs.org/npm-pkg-8320/-/npm-pkg-8320-2.8.18.tgz",
      "version": "2.8.18"
    },
    "node_modules/npm-pkg-8384": {
      "integrity": "sha512-5e106d28251f7b72e3040622386a05b581be326120c17b44",
      "resolved": "https://registry.npmjs.org/npm-pkg-8384/-/npm-pkg-8384-0.20.17.tgz",
      "version": "0.20.17"
    },
    "node_modules/npm-pkg-8466": {
      "integrity": "sha512-8ebc433978b6a09d8fbfa8148b1531acceaa7ce88cc4c0c3",
      "resolved": "https://registry.npmjs.org/npm-pkg-8466/-/npm-pkg-8466-2.16.4.tgz",
      "version": "2.16.4"
    },
    "node_modules/npm-pkg-856": {
      "integrity": "sha512-074b9d16f05f803cbb78f9f638c65ed3b73cbfe5daffc02d",
      "resolved": "https://registry.npmjs.org/npm-pkg-856/-/npm-pkg-856-5.11.15.tgz",
      "version": "5.11.15"
    },
    "node_modules/npm-pkg-8609": {
      "integrity": "sha512-a2957c67e7c53ce1e61c0b05ad5054cb1e234f224d5bf3ae",
      "resolved": "https://registry.npmjs.org/npm-pkg-8609/-/npm-pkg-8609-4.18.24.tgz",
      "version": "4.18.24"
    },
    "node_modules/npm-pkg-8636": {
      "integrity": "sha512-d4f3e101d10d787c0ea8d786b278f17c5ebd05e9b26483aa",
      "resolved": "https://registry.npmjs.org/npm-pkg-8636/-/npm-pkg-8636-5.3.2.tgz",
      "version": "5.3.2"
    },
    "node_modules/npm-pkg-8657": {
      "integrity": "sha512-8734ffb5a3d16b9d47e865fd0acb05c147b6f31181ea6c34",
      "resolved": "https://registry.npmjs.org/npm-pkg-8657/-/npm-pkg-8657-3.8.25.tgz",
      "version": "3.8.25"
    },
    "node_modules/npm-pkg-8696": {
      "integrity": "sha512-c2979d0a00c619eb97a3db1e3f646d564c128e03bd4d1f1f",
      "resolved": "https://registry.npmjs.org/npm-pkg-8696/-/npm-pkg-8696-5.4.18.tgz",
      "version": "5.4.18"
    },
    "node_modules/npm-pkg-8752": {
      "integrity": "sha512-59f69aa79de38246d742e2c82fe24cc7d867f4014b445019",
      "resolved": "https://registry.npmjs.org/npm-pkg-8752/-/npm-pkg-8752-3.1.6.tgz",
      "version": "3.1.6"
    },
    "node_modules/npm-pkg-8776": {
      "integrity": "sha512-40e343d88f61d7e26addb68d0fac11779294b7154d8dc172",
      "resolved": "https://registry.npmjs.org/npm-pkg-8776/-/npm-pkg-8776-3.15.20.tgz",
      "version": "3.15.20"
    },
    "node_modules/npm-pkg-8838": {
      "integrity": "sha512-8f648c2394ce6a956ad77d9b8a2473e8d126f9579431f36c",
      "resolved": "https://registry.npmjs.org/npm-pkg-8838/-/npm-pkg-8838-4.12.14.tgz",
      "version": "4.12.14"
    },
    "node_modules/npm-pkg-9001": {
      "integrity": "sha512-d2561045f9f2ba681e22cc08f66db16e3b08eb30923c6056",
      "resolved": "https://registry.npmjs.org/npm-pkg-9001/-/npm-pkg-9001-0.6.20.tgz",
      "version": "0.6.20"
    },
    "node_modules/npm-pkg-9005": {
      "integrity": "sha512-693826e4c4055c4fbcd818202c694e3f645e483671d2147e",
      "resolved": "https://registry.npmjs.org/npm-pkg-9005/-/npm-pkg-9005-0.17.23.tgz",
      "version": "0.17.23"
    },
    "node_modules/npm-pkg-9022": {
      "integrity": "sha512-695c3507992db481b1ebab74d3bfc39fa0009c767b29ee70",
      "resolved": "https://registry.npmjs.org/npm-pkg-9022/-/npm-pkg-9022-3.7.3.tgz",
      "version": "3.7.3"
    },
    "node_modules/npm-pkg-9023": {
      "integrity": "sha512-9d6b0364df0cd7a1af4e2d1ddbbc05293c6364318f0f676d",
      "resolved": "https://registry.npmjs.org/npm-pkg-9023/-/npm-pkg-9023-5.16.25.tgz",
      "version": "5.16.25"
    },
    "node_modules/npm-pkg-9036": {
      "integrity": "sha512-98bce374a339b110d7158f3c9bf7e554be0a7726e75ca85b",
      "resolved": "https://registry.npmjs.org/npm-pkg-9036/-/npm-pkg-9036-2.8.20.tgz",
      "version": "2.8.20"
    },
    "node_modules/npm-pkg-9268": {
      "integrity": "sha512-3c8feb7962ce4634eca2a3ee466fb4618ec2c27e85be56c4",
      "resolved": "https://registry.npmjs.org/npm-pkg-9268/-/npm-pkg-9268-3.6.4.tgz",
      "version": "3.6.4"
    },
    "node_modules/npm-pkg-9322": {
      "integrity": "sha512-1f0cfdfabe8fe671b5be2007a3716eb520e973defa671b35",
      "resolved": "https://registry.npmjs.org/npm-pkg-9322/-/npm-pkg-9322-5.0.11.tgz",
      "version": "5.0.11"
    },
    "node_modules/npm-pkg-9336": {
      "integrity": "sha512-65c42448b863e64f3248c83309eb898f3df0f65370e3691e",
      "resolved": "https://registry.npmjs.org/npm-pkg-9336/-/npm-pkg-9336-2.2.16.tgz",
      "version": "2.2.16"
    },
    "node_modules/npm-pkg-9378": {
      "integrity": "sha512-e6a69e38cc7e0ff0998bae3b7f1535329cffd9b0b1ca6928",
      "resolved": "https://registry.npmjs.org/npm-pkg-9378/-/npm-pkg-9378-5.10.24.tgz",
      "version": "5.10.24"
    },
    "node_modules/npm-pkg-939": {
      "integrity": "sha512-2cc0e1280504b2acdaa77ab490e5b704d3c3904dd5f99452",
      "resolved": "https://registry.npmjs.org/npm-pkg-939/-/npm-pkg-939-5.19.28.tgz",
      "version": "5.19.28"
    },
    "node_modules/npm-pkg-9419": {
      "integrity": "sha512-f886d981b8f2b3fdd97a17e63405a976ea06464628332a18",
      "resolved": "https://registry.npmjs.org/npm-pkg-9419/-/npm-pkg-9419-3.14.5.tgz",
      "version": "3.14.5"
    },
    "node_modules/npm-pkg-9444": {
      "integrity": "sha512-a422642b6eb44b0841c17f74a4a78ad9f98f8b8db49f4f13",
      "resolved": "https://registry.npmjs.org/npm-pkg-9444/-/npm-pkg-9444-5.5.20.tgz",
      "version": "5.5.20"
    },
    "node_modules/npm-pkg-9557": {
      "integrity": "sha512-a7c2c3df91585783d1e4cd3b7818fe6233f17236eacf5ecc",
      "resolved": "https://registry.npmjs.org/npm-pkg-9557/-/npm-pkg-9557-5.3.12.tgz",
      "version": "5.3.12"
    },
    "node_modules/npm-pkg-9614": {
      "integrity": "sha512-b942e8f1e09a84984294bbe922cf07e7ae96dae99d7a1ecb",
      "resolved": "https://registry.npmjs.org/npm-pkg-9614/-/npm-pkg-9614-2.8.17.tgz",
      "version": "2.8.17"
    },
    "node_modules/npm-pkg-970": {
      "integrity": "sha512-4ffa1eb47fe64f4f2df4943cdcdf839642753be57230e8b8",
      "resolved": "https://registry.npmjs.org/npm-pkg-970/-/npm-pkg-970-4.17.29.tgz",
      "version": "4.17.29"
    },
    "node_modules/npm-pkg-9798": {
      "integrity": "sha512-8a4439e4a4f2c53b2e89e38ebd6464423ef1252b2b2fe582",
      "resolved": "https://registry.npmjs.org/npm-pkg-9798/-/npm-pkg-9798-5.10.22.tgz",
      "version": "5.10.22"
    },
    "node_modules/npm-pkg-9926": {
      "integrity": "sha512-0e4eb8d80973b128b5ba41158d8373809340a202ed55de12",
      "resolved": "https://registry.npmjs.org/npm-pkg-9926/-/npm-pkg-9926-2.9.28.tgz",
      "version": "2.9.28"
    },
    "node_modules/qs": {
      "integrity": "sha512-45fe71f0243d8b82f9138fc91965a7c745cf0f7d282a7c69",
      "resolved": "https://registry.npmjs.org/qs/-/qs-5.11.3.tgz",
      "version": "5.11.3"
    },
    "node_modules/react": {
      "integrity": "sha512-3a047e8d40de40f6e908cb18e767be452e618a17c5d561f0",
      "resolved": "https://registry.npmjs.org/react/-/react-2.12.20.tgz",
      "version": "2.12.20"
    }
  },
  "requires": true,
  "version": "0.1.0"
}